// !$*UTF8*$!
{
	archiveVersion = 1;
	classes = {
	};
	objectVersion = 46;
	objects = {

/* Begin PBXBuildFile section */
		1001B09E1D417735007FDD80 /* restartButton.png in Resources */ = {isa = PBXBuildFile; fileRef = 1001B09D1D417735007FDD80 /* restartButton.png */; };
		1001B0A31D4179CE007FDD80 /* coinCrossScene.sks in Resources */ = {isa = PBXBuildFile; fileRef = 1001B0A21D4179CE007FDD80 /* coinCrossScene.sks */; };
		10151E041D5BB50700264FC9 /* GameWon.swift in Sources */ = {isa = PBXBuildFile; fileRef = 10151E031D5BB50700264FC9 /* GameWon.swift */; };
		102879F11D5530050033BB12 /* Launch Screen.storyboard in Resources */ = {isa = PBXBuildFile; fileRef = 102879F01D5530050033BB12 /* Launch Screen.storyboard */; };
		102AF05D1D36B52000496991 /* GameOver.swift in Sources */ = {isa = PBXBuildFile; fileRef = 102AF05C1D36B52000496991 /* GameOver.swift */; };
		102AF05F1D36B5BA00496991 /* Play.swift in Sources */ = {isa = PBXBuildFile; fileRef = 102AF05E1D36B5BA00496991 /* Play.swift */; };
		102AF0611D36B5D800496991 /* WaitingForBomb.swift in Sources */ = {isa = PBXBuildFile; fileRef = 102AF0601D36B5D800496991 /* WaitingForBomb.swift */; };
		102AF0641D36B6C500496991 /* WaitingForTap.swift in Sources */ = {isa = PBXBuildFile; fileRef = 102AF0631D36B6C500496991 /* WaitingForTap.swift */; };
		102AF0661D36BB1700496991 /* Idle.swift in Sources */ = {isa = PBXBuildFile; fileRef = 102AF0651D36BB1700496991 /* Idle.swift */; };
		102AF0681D36BB5100496991 /* Jump.swift in Sources */ = {isa = PBXBuildFile; fileRef = 102AF0671D36BB5100496991 /* Jump.swift */; };
		102AF06A1D36BB7E00496991 /* Fall.swift in Sources */ = {isa = PBXBuildFile; fileRef = 102AF0691D36BB7E00496991 /* Fall.swift */; };
		102AF06C1D36BB8D00496991 /* Lava.swift in Sources */ = {isa = PBXBuildFile; fileRef = 102AF06B1D36BB8D00496991 /* Lava.swift */; };
		102AF06E1D36BB9900496991 /* Dead.swift in Sources */ = {isa = PBXBuildFile; fileRef = 102AF06D1D36BB9900496991 /* Dead.swift */; };
		102AF0821D36BCC800496991 /* Break5Across.sks in Resources */ = {isa = PBXBuildFile; fileRef = 102AF06F1D36BCC800496991 /* Break5Across.sks */; };
		102AF08A1D36BCC800496991 /* CoinS5Across.sks in Resources */ = {isa = PBXBuildFile; fileRef = 102AF0771D36BCC800496991 /* CoinS5Across.sks */; };
		102AF08C1D36BCC800496991 /* CoinSCross.sks in Resources */ = {isa = PBXBuildFile; fileRef = 102AF0791D36BCC800496991 /* CoinSCross.sks */; };
		102AF08E1D36BCC800496991 /* CollectNormal.sks in Resources */ = {isa = PBXBuildFile; fileRef = 102AF07B1D36BCC800496991 /* CollectNormal.sks */; };
		102AF0921D36BCC800496991 /* PlatformArrow.sks in Resources */ = {isa = PBXBuildFile; fileRef = 102AF07F1D36BCC800496991 /* PlatformArrow.sks */; };
		102AF0971D36C01700496991 /* GameScene.sks in Resources */ = {isa = PBXBuildFile; fileRef = 102AF0961D36C01700496991 /* GameScene.sks */; };
		102AF0B21D36C16800496991 /* BrokenPlatform.sks in Resources */ = {isa = PBXBuildFile; fileRef = 102AF09A1D36C16800496991 /* BrokenPlatform.sks */; };
		102AF0B31D36C16800496991 /* CollectNormal.sks in Resources */ = {isa = PBXBuildFile; fileRef = 102AF09B1D36C16800496991 /* CollectNormal.sks */; };
		102AF0B41D36C16800496991 /* CollectSpecial.sks in Resources */ = {isa = PBXBuildFile; fileRef = 102AF09C1D36C16800496991 /* CollectSpecial.sks */; };
		102AF0B51D36C16800496991 /* PlayerTrail.sks in Resources */ = {isa = PBXBuildFile; fileRef = 102AF09D1D36C16800496991 /* PlayerTrail.sks */; };
		102AF0B61D36C16800496991 /* Star.png in Resources */ = {isa = PBXBuildFile; fileRef = 102AF09E1D36C16800496991 /* Star.png */; };
		102AF0B71D36C16800496991 /* alarm.wav in Resources */ = {isa = PBXBuildFile; fileRef = 102AF0A01D36C16800496991 /* alarm.wav */; };
		102AF0B81D36C16800496991 /* attribution.txt in Resources */ = {isa = PBXBuildFile; fileRef = 102AF0A11D36C16800496991 /* attribution.txt */; };
		102AF0B91D36C16800496991 /* bgMusic.mp3 in Resources */ = {isa = PBXBuildFile; fileRef = 102AF0A21D36C16800496991 /* bgMusic.mp3 */; };
		102AF0BA1D36C16800496991 /* bombDrop.wav in Resources */ = {isa = PBXBuildFile; fileRef = 102AF0A31D36C16800496991 /* bombDrop.wav */; };
		102AF0BB1D36C16800496991 /* boost.wav in Resources */ = {isa = PBXBuildFile; fileRef = 102AF0A41D36C16800496991 /* boost.wav */; };
		102AF0BC1D36C16800496991 /* brick.caf in Resources */ = {isa = PBXBuildFile; fileRef = 102AF0A51D36C16800496991 /* brick.caf */; };
		102AF0BD1D36C16800496991 /* coin1.wav in Resources */ = {isa = PBXBuildFile; fileRef = 102AF0A61D36C16800496991 /* coin1.wav */; };
		102AF0BE1D36C16800496991 /* coin4.wav in Resources */ = {isa = PBXBuildFile; fileRef = 102AF0A71D36C16800496991 /* coin4.wav */; };
		102AF0BF1D36C16800496991 /* DrownFireBug.mp3 in Resources */ = {isa = PBXBuildFile; fileRef = 102AF0A81D36C16800496991 /* DrownFireBug.mp3 */; };
		102AF0C01D36C16800496991 /* explosion1.wav in Resources */ = {isa = PBXBuildFile; fileRef = 102AF0A91D36C16800496991 /* explosion1.wav */; };
		102AF0C11D36C16800496991 /* explosion2.wav in Resources */ = {isa = PBXBuildFile; fileRef = 102AF0AA1D36C16800496991 /* explosion2.wav */; };
		102AF0C21D36C16800496991 /* explosion3.wav in Resources */ = {isa = PBXBuildFile; fileRef = 102AF0AB1D36C16800496991 /* explosion3.wav */; };
		102AF0C31D36C16800496991 /* explosion4.wav in Resources */ = {isa = PBXBuildFile; fileRef = 102AF0AC1D36C16800496991 /* explosion4.wav */; };
		102AF0C41D36C16800496991 /* jump.wav in Resources */ = {isa = PBXBuildFile; fileRef = 102AF0AD1D36C16800496991 /* jump.wav */; };
		102AF0C51D36C16800496991 /* nitro.wav in Resources */ = {isa = PBXBuildFile; fileRef = 102AF0AE1D36C16800496991 /* nitro.wav */; };
		102AF0C61D36C16800496991 /* player_die.wav in Resources */ = {isa = PBXBuildFile; fileRef = 102AF0AF1D36C16800496991 /* player_die.wav */; };
		102AF0C71D36C16800496991 /* SpaceGame.caf in Resources */ = {isa = PBXBuildFile; fileRef = 102AF0B01D36C16800496991 /* SpaceGame.caf */; };
		102AF0C81D36C16800496991 /* tickTock.wav in Resources */ = {isa = PBXBuildFile; fileRef = 102AF0B11D36C16800496991 /* tickTock.wav */; };
		102AF0DE1D36E76500496991 /* BreakArrow.sks in Resources */ = {isa = PBXBuildFile; fileRef = 102AF0CB1D36E76500496991 /* BreakArrow.sks */; };
		102AF0E21D36E76500496991 /* CoinArrow.sks in Resources */ = {isa = PBXBuildFile; fileRef = 102AF0CF1D36E76500496991 /* CoinArrow.sks */; };
		102AF0E61D36E76500496991 /* CoinSArrow.sks in Resources */ = {isa = PBXBuildFile; fileRef = 102AF0D31D36E76500496991 /* CoinSArrow.sks */; };
		102AF0E81D36E76500496991 /* CoinSDiagonal.sks in Resources */ = {isa = PBXBuildFile; fileRef = 102AF0D51D36E76500496991 /* CoinSDiagonal.sks */; };
		102AF0EB1D36E76500496991 /* Lava.sks in Resources */ = {isa = PBXBuildFile; fileRef = 102AF0D81D36E76500496991 /* Lava.sks */; };
		102AF0EC1D36E76500496991 /* Platform5Across.sks in Resources */ = {isa = PBXBuildFile; fileRef = 102AF0D91D36E76500496991 /* Platform5Across.sks */; };
		102AF0EF1D36E76500496991 /* PlayerTrail.sks in Resources */ = {isa = PBXBuildFile; fileRef = 102AF0DC1D36E76500496991 /* PlayerTrail.sks */; };
		102AF0FD1D36F26500496991 /* CGFloat+Extensions.swift in Sources */ = {isa = PBXBuildFile; fileRef = 102AF0F11D36F26500496991 /* CGFloat+Extensions.swift */; };
		102AF0FE1D36F26500496991 /* CGPoint+Extensions.swift in Sources */ = {isa = PBXBuildFile; fileRef = 102AF0F21D36F26500496991 /* CGPoint+Extensions.swift */; };
		102AF0FF1D36F26500496991 /* CGVector+Extensions.swift in Sources */ = {isa = PBXBuildFile; fileRef = 102AF0F31D36F26500496991 /* CGVector+Extensions.swift */; };
		102AF1001D36F26500496991 /* Int+Extensions.swift in Sources */ = {isa = PBXBuildFile; fileRef = 102AF0F41D36F26500496991 /* Int+Extensions.swift */; };
		102AF1011D36F26500496991 /* SKAction+Extensions.swift in Sources */ = {isa = PBXBuildFile; fileRef = 102AF0F51D36F26500496991 /* SKAction+Extensions.swift */; };
		102AF1021D36F26500496991 /* SKAction+SpecialEffects.swift in Sources */ = {isa = PBXBuildFile; fileRef = 102AF0F61D36F26500496991 /* SKAction+SpecialEffects.swift */; };
		102AF1031D36F26500496991 /* SKColor+Extensions.swift in Sources */ = {isa = PBXBuildFile; fileRef = 102AF0F71D36F26500496991 /* SKColor+Extensions.swift */; };
		102AF1041D36F26500496991 /* SKNode+Extensions.swift in Sources */ = {isa = PBXBuildFile; fileRef = 102AF0F81D36F26500496991 /* SKNode+Extensions.swift */; };
		102AF1051D36F26500496991 /* SKTAudio.swift in Sources */ = {isa = PBXBuildFile; fileRef = 102AF0F91D36F26500496991 /* SKTAudio.swift */; };
		102AF1061D36F26500496991 /* SKTEffects.swift in Sources */ = {isa = PBXBuildFile; fileRef = 102AF0FA1D36F26500496991 /* SKTEffects.swift */; };
		102AF1071D36F26500496991 /* SKTTimingFunctions.swift in Sources */ = {isa = PBXBuildFile; fileRef = 102AF0FB1D36F26500496991 /* SKTTimingFunctions.swift */; };
		102AF1081D36F26500496991 /* Vector3.swift in Sources */ = {isa = PBXBuildFile; fileRef = 102AF0FC1D36F26500496991 /* Vector3.swift */; };
		102AF11E1D36F56700496991 /* BreakDiagonal.sks in Resources */ = {isa = PBXBuildFile; fileRef = 102AF10C1D36F56700496991 /* BreakDiagonal.sks */; };
		102AF11F1D36F56700496991 /* BrokenPlatform.sks in Resources */ = {isa = PBXBuildFile; fileRef = 102AF10D1D36F56700496991 /* BrokenPlatform.sks */; };
		102AF1201D36F56700496991 /* Coin5Across.sks in Resources */ = {isa = PBXBuildFile; fileRef = 102AF10E1D36F56700496991 /* Coin5Across.sks */; };
		102AF1211D36F56700496991 /* CoinCross.sks in Resources */ = {isa = PBXBuildFile; fileRef = 102AF10F1D36F56700496991 /* CoinCross.sks */; };
		102AF1221D36F56700496991 /* CoinDiagonal.sks in Resources */ = {isa = PBXBuildFile; fileRef = 102AF1101D36F56700496991 /* CoinDiagonal.sks */; };
		102AF1281D36F56700496991 /* CollectSpecial.sks in Resources */ = {isa = PBXBuildFile; fileRef = 102AF1161D36F56700496991 /* CollectSpecial.sks */; };
		102AF12C1D36F56700496991 /* PlatformDiagonal.sks in Resources */ = {isa = PBXBuildFile; fileRef = 102AF11A1D36F56700496991 /* PlatformDiagonal.sks */; };
		102E717D1D42D2FA00815790 /* Minercraftory.ttf in Resources */ = {isa = PBXBuildFile; fileRef = 102E717C1D42D2FA00815790 /* Minercraftory.ttf */; };
		102E717F1D42D4F300815790 /* Pixel Coleco.otf in Resources */ = {isa = PBXBuildFile; fileRef = 102E717E1D42D4F300815790 /* Pixel Coleco.otf */; };
		102FBA2B1D501629002CB7C8 /* MainScene.swift in Sources */ = {isa = PBXBuildFile; fileRef = 102FBA2A1D501629002CB7C8 /* MainScene.swift */; };
		10304D9A1D301B98007372D8 /* AppDelegate.swift in Sources */ = {isa = PBXBuildFile; fileRef = 10304D991D301B98007372D8 /* AppDelegate.swift */; };
		10304D9E1D301B98007372D8 /* GameScene.swift in Sources */ = {isa = PBXBuildFile; fileRef = 10304D9D1D301B98007372D8 /* GameScene.swift */; };
		10304DA01D301B98007372D8 /* GameViewController.swift in Sources */ = {isa = PBXBuildFile; fileRef = 10304D9F1D301B98007372D8 /* GameViewController.swift */; };
		10304DA31D301B98007372D8 /* Main.storyboard in Resources */ = {isa = PBXBuildFile; fileRef = 10304DA11D301B98007372D8 /* Main.storyboard */; };
		10304DA51D301B98007372D8 /* Assets.xcassets in Resources */ = {isa = PBXBuildFile; fileRef = 10304DA41D301B98007372D8 /* Assets.xcassets */; };
		1030E2E61D58227400740C66 /* GoogleMobileAds.framework in Frameworks */ = {isa = PBXBuildFile; fileRef = 1030E2DC1D58227400740C66 /* GoogleMobileAds.framework */; };
		1030E2E71D58227400740C66 /* README.txt in Resources */ = {isa = PBXBuildFile; fileRef = 1030E2E41D58227400740C66 /* README.txt */; };
		1030E2E81D58227400740C66 /* README.txt in Resources */ = {isa = PBXBuildFile; fileRef = 1030E2E51D58227400740C66 /* README.txt */; };
		1030E2F01D5843A300740C66 /* StartScene.swift in Sources */ = {isa = PBXBuildFile; fileRef = 1030E2EF1D5843A300740C66 /* StartScene.swift */; };
		1030E2F21D5844A600740C66 /* StartScene.sks in Resources */ = {isa = PBXBuildFile; fileRef = 1030E2F11D5844A600740C66 /* StartScene.sks */; };
		1033F07F1D4048B900266DB4 /* SmokeTrail.sks in Resources */ = {isa = PBXBuildFile; fileRef = 1033F07E1D4048B900266DB4 /* SmokeTrail.sks */; };
		1037315D1D5390B3007BDBE5 /* Contents.json in Resources */ = {isa = PBXBuildFile; fileRef = 1037315B1D5390B3007BDBE5 /* Contents.json */; };
		1037315E1D5390B3007BDBE5 /* Idle__009 copy.png in Resources */ = {isa = PBXBuildFile; fileRef = 1037315C1D5390B3007BDBE5 /* Idle__009 copy.png */; };
		104268AF1D4BC1AD000C6057 /* HealthCounter.swift in Sources */ = {isa = PBXBuildFile; fileRef = 104268AE1D4BC1AD000C6057 /* HealthCounter.swift */; };
		104268B11D4BCDB1000C6057 /* heartRef.sks in Resources */ = {isa = PBXBuildFile; fileRef = 104268B01D4BCDB1000C6057 /* heartRef.sks */; };
		104268B31D4C17B1000C6057 /* GameProtocol.swift in Sources */ = {isa = PBXBuildFile; fileRef = 104268B21D4C17B1000C6057 /* GameProtocol.swift */; };
		1048D4111D495396006120A3 /* Icon-App-29x29@1x.png in Resources */ = {isa = PBXBuildFile; fileRef = 1048D4051D495396006120A3 /* Icon-App-29x29@1x.png */; };
		1048D4121D495396006120A3 /* Icon-App-29x29@2x-1.png in Resources */ = {isa = PBXBuildFile; fileRef = 1048D4061D495396006120A3 /* Icon-App-29x29@2x-1.png */; };
		1048D4131D495396006120A3 /* Icon-App-29x29@2x.png in Resources */ = {isa = PBXBuildFile; fileRef = 1048D4071D495396006120A3 /* Icon-App-29x29@2x.png */; };
		1048D4141D495396006120A3 /* Icon-App-29x29@3x.png in Resources */ = {isa = PBXBuildFile; fileRef = 1048D4081D495396006120A3 /* Icon-App-29x29@3x.png */; };
		1048D4151D495396006120A3 /* Icon-App-40x40@1x.png in Resources */ = {isa = PBXBuildFile; fileRef = 1048D4091D495396006120A3 /* Icon-App-40x40@1x.png */; };
		1048D4161D495396006120A3 /* Icon-App-40x40@2x-1.png in Resources */ = {isa = PBXBuildFile; fileRef = 1048D40A1D495396006120A3 /* Icon-App-40x40@2x-1.png */; };
		1048D4171D495396006120A3 /* Icon-App-40x40@2x.png in Resources */ = {isa = PBXBuildFile; fileRef = 1048D40B1D495396006120A3 /* Icon-App-40x40@2x.png */; };
		1048D4181D495396006120A3 /* Icon-App-40x40@3x-1.png in Resources */ = {isa = PBXBuildFile; fileRef = 1048D40C1D495396006120A3 /* Icon-App-40x40@3x-1.png */; };
		1048D4191D495396006120A3 /* Icon-App-40x40@3x.png in Resources */ = {isa = PBXBuildFile; fileRef = 1048D40D1D495396006120A3 /* Icon-App-40x40@3x.png */; };
		1048D41A1D495396006120A3 /* Icon-App-60x60@3x.png in Resources */ = {isa = PBXBuildFile; fileRef = 1048D40E1D495396006120A3 /* Icon-App-60x60@3x.png */; };
		1048D41B1D495396006120A3 /* Icon-App-76x76@1x.png in Resources */ = {isa = PBXBuildFile; fileRef = 1048D40F1D495396006120A3 /* Icon-App-76x76@1x.png */; };
		1048D41C1D495396006120A3 /* Icon-App-76x76@2x.png in Resources */ = {isa = PBXBuildFile; fileRef = 1048D4101D495396006120A3 /* Icon-App-76x76@2x.png */; };
		104D61871D4144E80094737D /* instruction_toRight.png in Resources */ = {isa = PBXBuildFile; fileRef = 104D61861D4144E80094737D /* instruction_toRight.png */; };
		104D61891D41465A0094737D /* instruction_toLeft.png in Resources */ = {isa = PBXBuildFile; fileRef = 104D61881D41465A0094737D /* instruction_toLeft.png */; };
		104D618F1D414D740094737D /* CharacterScene.sks in Resources */ = {isa = PBXBuildFile; fileRef = 104D618E1D414D740094737D /* CharacterScene.sks */; };
		104D61911D414DD20094737D /* CharacterScene.swift in Sources */ = {isa = PBXBuildFile; fileRef = 104D61901D414DD20094737D /* CharacterScene.swift */; };
		104D61981D415C7E0094737D /* Coin_1.png in Resources */ = {isa = PBXBuildFile; fileRef = 104D61931D415C7E0094737D /* Coin_1.png */; };
		104D61991D415C7E0094737D /* Coin_2.png in Resources */ = {isa = PBXBuildFile; fileRef = 104D61941D415C7E0094737D /* Coin_2.png */; };
		104D619A1D415C7E0094737D /* Coin_3.png in Resources */ = {isa = PBXBuildFile; fileRef = 104D61951D415C7E0094737D /* Coin_3.png */; };
		104D619B1D415C7E0094737D /* Coin_4.png in Resources */ = {isa = PBXBuildFile; fileRef = 104D61961D415C7E0094737D /* Coin_4.png */; };
		104D619C1D415C7E0094737D /* Coin_5.png in Resources */ = {isa = PBXBuildFile; fileRef = 104D61971D415C7E0094737D /* Coin_5.png */; };
		1052278A1D5164B400279F99 /* kunai.sks in Resources */ = {isa = PBXBuildFile; fileRef = 105227891D5164B400279F99 /* kunai.sks */; };
		106DFE181D3D83A1004FD9D0 /* bigger_platform.png in Resources */ = {isa = PBXBuildFile; fileRef = 106DFE171D3D83A1004FD9D0 /* bigger_platform.png */; };
		106DFE1E1D3D9636004FD9D0 /* Coin.sks in Resources */ = {isa = PBXBuildFile; fileRef = 106DFE1D1D3D9636004FD9D0 /* Coin.sks */; };
		106DFE201D3D9684004FD9D0 /* CoinSpecial.sks in Resources */ = {isa = PBXBuildFile; fileRef = 106DFE1F1D3D9684004FD9D0 /* CoinSpecial.sks */; };
		1094BE161D3ED86C00DC8460 /* platform.png in Resources */ = {isa = PBXBuildFile; fileRef = 1094BE151D3ED86C00DC8460 /* platform.png */; };
		1094BE181D3ED96300DC8460 /* new_bg1.png in Resources */ = {isa = PBXBuildFile; fileRef = 1094BE171D3ED96300DC8460 /* new_bg1.png */; };
		1094BE1A1D3EE67200DC8460 /* character_male-ninja.png in Resources */ = {isa = PBXBuildFile; fileRef = 1094BE191D3EE67200DC8460 /* character_male-ninja.png */; };
		1094BE1C1D3EE86A00DC8460 /* Kunai.png in Resources */ = {isa = PBXBuildFile; fileRef = 1094BE1B1D3EE86A00DC8460 /* Kunai.png */; };
		1094BE1E1D3EECB800DC8460 /* MenuScene.swift in Sources */ = {isa = PBXBuildFile; fileRef = 1094BE1D1D3EECB800DC8460 /* MenuScene.swift */; };
		1094BE201D3EED9700DC8460 /* MSButtonNode.swift in Sources */ = {isa = PBXBuildFile; fileRef = 1094BE1F1D3EED9700DC8460 /* MSButtonNode.swift */; };
		10F0AE7D1D399548004B287C /* alarm.wav in Resources */ = {isa = PBXBuildFile; fileRef = 10F0AE6B1D399548004B287C /* alarm.wav */; };
		10F0AE7E1D399548004B287C /* attribution.txt in Resources */ = {isa = PBXBuildFile; fileRef = 10F0AE6C1D399548004B287C /* attribution.txt */; };
		10F0AE7F1D399548004B287C /* bgMusic.mp3 in Resources */ = {isa = PBXBuildFile; fileRef = 10F0AE6D1D399548004B287C /* bgMusic.mp3 */; };
		10F0AE801D399548004B287C /* bombDrop.wav in Resources */ = {isa = PBXBuildFile; fileRef = 10F0AE6E1D399548004B287C /* bombDrop.wav */; };
		10F0AE811D399548004B287C /* boost.wav in Resources */ = {isa = PBXBuildFile; fileRef = 10F0AE6F1D399548004B287C /* boost.wav */; };
		10F0AE821D399548004B287C /* brick.caf in Resources */ = {isa = PBXBuildFile; fileRef = 10F0AE701D399548004B287C /* brick.caf */; };
		10F0AE831D399548004B287C /* coin1.wav in Resources */ = {isa = PBXBuildFile; fileRef = 10F0AE711D399548004B287C /* coin1.wav */; };
		10F0AE841D399548004B287C /* coin4.wav in Resources */ = {isa = PBXBuildFile; fileRef = 10F0AE721D399548004B287C /* coin4.wav */; };
		10F0AE851D399548004B287C /* DrownFireBug.mp3 in Resources */ = {isa = PBXBuildFile; fileRef = 10F0AE731D399548004B287C /* DrownFireBug.mp3 */; };
		10F0AE861D399548004B287C /* explosion1.wav in Resources */ = {isa = PBXBuildFile; fileRef = 10F0AE741D399548004B287C /* explosion1.wav */; };
		10F0AE881D399548004B287C /* explosion3.wav in Resources */ = {isa = PBXBuildFile; fileRef = 10F0AE761D399548004B287C /* explosion3.wav */; };
		10F0AE891D399548004B287C /* explosion4.wav in Resources */ = {isa = PBXBuildFile; fileRef = 10F0AE771D399548004B287C /* explosion4.wav */; };
		10F0AE8A1D399548004B287C /* jump.wav in Resources */ = {isa = PBXBuildFile; fileRef = 10F0AE781D399548004B287C /* jump.wav */; };
		10F0AE8B1D399548004B287C /* nitro.wav in Resources */ = {isa = PBXBuildFile; fileRef = 10F0AE791D399548004B287C /* nitro.wav */; };
		10F0AE8C1D399548004B287C /* player_die.wav in Resources */ = {isa = PBXBuildFile; fileRef = 10F0AE7A1D399548004B287C /* player_die.wav */; };
		10F0AE8D1D399548004B287C /* SpaceGame.caf in Resources */ = {isa = PBXBuildFile; fileRef = 10F0AE7B1D399548004B287C /* SpaceGame.caf */; };
		10F0AE8E1D399548004B287C /* tickTock.wav in Resources */ = {isa = PBXBuildFile; fileRef = 10F0AE7C1D399548004B287C /* tickTock.wav */; };
		975F38115B47E2EEE6BD6F14 /* Pods_DroppingCharge.framework in Frameworks */ = {isa = PBXBuildFile; fileRef = 579FB0F3C2967879B86B5324 /* Pods_DroppingCharge.framework */; };
/* End PBXBuildFile section */

/* Begin PBXBuildRule section */
		106599CF1D54002B00462D76 /* PBXBuildRule */ = {
			isa = PBXBuildRule;
			compilerSpec = com.apple.compilers.proxy.script;
			fileType = sourcecode.metal;
			isEditable = 1;
			outputFiles = (
				"$(DERIVED_FILE_DIR)/myfile",
			);
			script = "# <com.apple.compilers.metal.osx>";
		};
/* End PBXBuildRule section */

/* Begin PBXFileReference section */
		1001B09D1D417735007FDD80 /* restartButton.png */ = {isa = PBXFileReference; lastKnownFileType = image.png; name = restartButton.png; path = Assets.xcassets/restartButton.imageset/restartButton.png; sourceTree = "<group>"; };
		1001B0A21D4179CE007FDD80 /* coinCrossScene.sks */ = {isa = PBXFileReference; lastKnownFileType = file.sks; path = coinCrossScene.sks; sourceTree = "<group>"; };
		10151E031D5BB50700264FC9 /* GameWon.swift */ = {isa = PBXFileReference; fileEncoding = 4; lastKnownFileType = sourcecode.swift; path = GameWon.swift; sourceTree = "<group>"; };
		102879F01D5530050033BB12 /* Launch Screen.storyboard */ = {isa = PBXFileReference; fileEncoding = 4; lastKnownFileType = file.storyboard; path = "Launch Screen.storyboard"; sourceTree = "<group>"; };
		102AF05C1D36B52000496991 /* GameOver.swift */ = {isa = PBXFileReference; fileEncoding = 4; lastKnownFileType = sourcecode.swift; name = GameOver.swift; path = ../GameOver.swift; sourceTree = "<group>"; };
		102AF05E1D36B5BA00496991 /* Play.swift */ = {isa = PBXFileReference; fileEncoding = 4; lastKnownFileType = sourcecode.swift; name = Play.swift; path = ../Play.swift; sourceTree = "<group>"; };
		102AF0601D36B5D800496991 /* WaitingForBomb.swift */ = {isa = PBXFileReference; fileEncoding = 4; lastKnownFileType = sourcecode.swift; name = WaitingForBomb.swift; path = ../WaitingForBomb.swift; sourceTree = "<group>"; };
		102AF0631D36B6C500496991 /* WaitingForTap.swift */ = {isa = PBXFileReference; fileEncoding = 4; lastKnownFileType = sourcecode.swift; path = WaitingForTap.swift; sourceTree = "<group>"; };
		102AF0651D36BB1700496991 /* Idle.swift */ = {isa = PBXFileReference; fileEncoding = 4; lastKnownFileType = sourcecode.swift; name = Idle.swift; path = Player/Idle.swift; sourceTree = "<group>"; };
		102AF0671D36BB5100496991 /* Jump.swift */ = {isa = PBXFileReference; fileEncoding = 4; lastKnownFileType = sourcecode.swift; name = Jump.swift; path = Player/Jump.swift; sourceTree = "<group>"; };
		102AF0691D36BB7E00496991 /* Fall.swift */ = {isa = PBXFileReference; fileEncoding = 4; lastKnownFileType = sourcecode.swift; path = Fall.swift; sourceTree = "<group>"; };
		102AF06B1D36BB8D00496991 /* Lava.swift */ = {isa = PBXFileReference; fileEncoding = 4; lastKnownFileType = sourcecode.swift; path = Lava.swift; sourceTree = "<group>"; };
		102AF06D1D36BB9900496991 /* Dead.swift */ = {isa = PBXFileReference; fileEncoding = 4; lastKnownFileType = sourcecode.swift; path = Dead.swift; sourceTree = "<group>"; };
		102AF06F1D36BCC800496991 /* Break5Across.sks */ = {isa = PBXFileReference; lastKnownFileType = file.sks; name = Break5Across.sks; path = Scene/Break5Across.sks; sourceTree = "<group>"; };
		102AF0701D36BCC800496991 /* BreakArrow.sks */ = {isa = PBXFileReference; lastKnownFileType = file.sks; name = BreakArrow.sks; path = Scene/BreakArrow.sks; sourceTree = "<group>"; };
		102AF0711D36BCC800496991 /* BreakDiagonal.sks */ = {isa = PBXFileReference; lastKnownFileType = file.sks; name = BreakDiagonal.sks; path = Scene/BreakDiagonal.sks; sourceTree = "<group>"; };
		102AF0721D36BCC800496991 /* BrokenPlatform.sks */ = {isa = PBXFileReference; lastKnownFileType = file.sks; name = BrokenPlatform.sks; path = Scene/BrokenPlatform.sks; sourceTree = "<group>"; };
		102AF0751D36BCC800496991 /* CoinCross.sks */ = {isa = PBXFileReference; lastKnownFileType = file.sks; name = CoinCross.sks; path = Scene/CoinCross.sks; sourceTree = "<group>"; };
		102AF0761D36BCC800496991 /* CoinDiagonal.sks */ = {isa = PBXFileReference; lastKnownFileType = file.sks; name = CoinDiagonal.sks; path = Scene/CoinDiagonal.sks; sourceTree = "<group>"; };
		102AF0771D36BCC800496991 /* CoinS5Across.sks */ = {isa = PBXFileReference; lastKnownFileType = file.sks; name = CoinS5Across.sks; path = Scene/CoinS5Across.sks; sourceTree = "<group>"; };
		102AF0791D36BCC800496991 /* CoinSCross.sks */ = {isa = PBXFileReference; lastKnownFileType = file.sks; name = CoinSCross.sks; path = Scene/CoinSCross.sks; sourceTree = "<group>"; };
		102AF07A1D36BCC800496991 /* CoinSDiagonal.sks */ = {isa = PBXFileReference; lastKnownFileType = file.sks; name = CoinSDiagonal.sks; path = Scene/CoinSDiagonal.sks; sourceTree = "<group>"; };
		102AF07B1D36BCC800496991 /* CollectNormal.sks */ = {isa = PBXFileReference; lastKnownFileType = file.sks; name = CollectNormal.sks; path = Scene/CollectNormal.sks; sourceTree = "<group>"; };
		102AF07C1D36BCC800496991 /* CollectSpecial.sks */ = {isa = PBXFileReference; lastKnownFileType = file.sks; name = CollectSpecial.sks; path = Scene/CollectSpecial.sks; sourceTree = "<group>"; };
		102AF07D1D36BCC800496991 /* Lava.sks */ = {isa = PBXFileReference; lastKnownFileType = file.sks; name = Lava.sks; path = Scene/Lava.sks; sourceTree = "<group>"; };
		102AF07E1D36BCC800496991 /* Platform5Across.sks */ = {isa = PBXFileReference; lastKnownFileType = file.sks; name = Platform5Across.sks; path = Scene/Platform5Across.sks; sourceTree = "<group>"; };
		102AF07F1D36BCC800496991 /* PlatformArrow.sks */ = {isa = PBXFileReference; lastKnownFileType = file.sks; name = PlatformArrow.sks; path = Scene/PlatformArrow.sks; sourceTree = "<group>"; };
		102AF0801D36BCC800496991 /* PlatformDiagonal.sks */ = {isa = PBXFileReference; lastKnownFileType = file.sks; name = PlatformDiagonal.sks; path = Scene/PlatformDiagonal.sks; sourceTree = "<group>"; };
		102AF0811D36BCC800496991 /* PlayerTrail.sks */ = {isa = PBXFileReference; lastKnownFileType = file.sks; name = PlayerTrail.sks; path = Scene/PlayerTrail.sks; sourceTree = "<group>"; };
		102AF0961D36C01700496991 /* GameScene.sks */ = {isa = PBXFileReference; lastKnownFileType = file.sks; path = GameScene.sks; sourceTree = "<group>"; };
		102AF09A1D36C16800496991 /* BrokenPlatform.sks */ = {isa = PBXFileReference; lastKnownFileType = file.sks; path = BrokenPlatform.sks; sourceTree = "<group>"; };
		102AF09B1D36C16800496991 /* CollectNormal.sks */ = {isa = PBXFileReference; lastKnownFileType = file.sks; path = CollectNormal.sks; sourceTree = "<group>"; };
		102AF09C1D36C16800496991 /* CollectSpecial.sks */ = {isa = PBXFileReference; lastKnownFileType = file.sks; path = CollectSpecial.sks; sourceTree = "<group>"; };
		102AF09D1D36C16800496991 /* PlayerTrail.sks */ = {isa = PBXFileReference; lastKnownFileType = file.sks; path = PlayerTrail.sks; sourceTree = "<group>"; };
		102AF09E1D36C16800496991 /* Star.png */ = {isa = PBXFileReference; lastKnownFileType = image.png; path = Star.png; sourceTree = "<group>"; };
		102AF0A01D36C16800496991 /* alarm.wav */ = {isa = PBXFileReference; lastKnownFileType = audio.wav; path = alarm.wav; sourceTree = "<group>"; };
		102AF0A11D36C16800496991 /* attribution.txt */ = {isa = PBXFileReference; fileEncoding = 4; lastKnownFileType = text; path = attribution.txt; sourceTree = "<group>"; };
		102AF0A21D36C16800496991 /* bgMusic.mp3 */ = {isa = PBXFileReference; lastKnownFileType = audio.mp3; path = bgMusic.mp3; sourceTree = "<group>"; };
		102AF0A31D36C16800496991 /* bombDrop.wav */ = {isa = PBXFileReference; lastKnownFileType = audio.wav; path = bombDrop.wav; sourceTree = "<group>"; };
		102AF0A41D36C16800496991 /* boost.wav */ = {isa = PBXFileReference; lastKnownFileType = audio.wav; path = boost.wav; sourceTree = "<group>"; };
		102AF0A51D36C16800496991 /* brick.caf */ = {isa = PBXFileReference; lastKnownFileType = file; path = brick.caf; sourceTree = "<group>"; };
		102AF0A61D36C16800496991 /* coin1.wav */ = {isa = PBXFileReference; lastKnownFileType = audio.wav; path = coin1.wav; sourceTree = "<group>"; };
		102AF0A71D36C16800496991 /* coin4.wav */ = {isa = PBXFileReference; lastKnownFileType = audio.wav; path = coin4.wav; sourceTree = "<group>"; };
		102AF0A81D36C16800496991 /* DrownFireBug.mp3 */ = {isa = PBXFileReference; lastKnownFileType = audio.mp3; path = DrownFireBug.mp3; sourceTree = "<group>"; };
		102AF0A91D36C16800496991 /* explosion1.wav */ = {isa = PBXFileReference; lastKnownFileType = audio.wav; path = explosion1.wav; sourceTree = "<group>"; };
		102AF0AA1D36C16800496991 /* explosion2.wav */ = {isa = PBXFileReference; lastKnownFileType = audio.wav; path = explosion2.wav; sourceTree = "<group>"; };
		102AF0AB1D36C16800496991 /* explosion3.wav */ = {isa = PBXFileReference; lastKnownFileType = audio.wav; path = explosion3.wav; sourceTree = "<group>"; };
		102AF0AC1D36C16800496991 /* explosion4.wav */ = {isa = PBXFileReference; lastKnownFileType = audio.wav; path = explosion4.wav; sourceTree = "<group>"; };
		102AF0AD1D36C16800496991 /* jump.wav */ = {isa = PBXFileReference; lastKnownFileType = audio.wav; path = jump.wav; sourceTree = "<group>"; };
		102AF0AE1D36C16800496991 /* nitro.wav */ = {isa = PBXFileReference; lastKnownFileType = audio.wav; path = nitro.wav; sourceTree = "<group>"; };
		102AF0AF1D36C16800496991 /* player_die.wav */ = {isa = PBXFileReference; lastKnownFileType = audio.wav; path = player_die.wav; sourceTree = "<group>"; };
		102AF0B01D36C16800496991 /* SpaceGame.caf */ = {isa = PBXFileReference; lastKnownFileType = file; path = SpaceGame.caf; sourceTree = "<group>"; };
		102AF0B11D36C16800496991 /* tickTock.wav */ = {isa = PBXFileReference; lastKnownFileType = audio.wav; path = tickTock.wav; sourceTree = "<group>"; };
		102AF0CA1D36E76500496991 /* Break5Across.sks */ = {isa = PBXFileReference; lastKnownFileType = file.sks; path = Break5Across.sks; sourceTree = "<group>"; };
		102AF0CB1D36E76500496991 /* BreakArrow.sks */ = {isa = PBXFileReference; lastKnownFileType = file.sks; path = BreakArrow.sks; sourceTree = "<group>"; };
		102AF0CC1D36E76500496991 /* BreakDiagonal.sks */ = {isa = PBXFileReference; lastKnownFileType = file.sks; path = BreakDiagonal.sks; sourceTree = "<group>"; };
		102AF0CD1D36E76500496991 /* BrokenPlatform.sks */ = {isa = PBXFileReference; lastKnownFileType = file.sks; path = BrokenPlatform.sks; sourceTree = "<group>"; };
		102AF0CE1D36E76500496991 /* Coin5Across.sks */ = {isa = PBXFileReference; lastKnownFileType = file.sks; path = Coin5Across.sks; sourceTree = "<group>"; };
		102AF0CF1D36E76500496991 /* CoinArrow.sks */ = {isa = PBXFileReference; lastKnownFileType = file.sks; path = CoinArrow.sks; sourceTree = "<group>"; };
		102AF0D01D36E76500496991 /* CoinCross.sks */ = {isa = PBXFileReference; lastKnownFileType = file.sks; path = CoinCross.sks; sourceTree = "<group>"; };
		102AF0D11D36E76500496991 /* CoinDiagonal.sks */ = {isa = PBXFileReference; lastKnownFileType = file.sks; path = CoinDiagonal.sks; sourceTree = "<group>"; };
		102AF0D21D36E76500496991 /* CoinS5Across.sks */ = {isa = PBXFileReference; lastKnownFileType = file.sks; path = CoinS5Across.sks; sourceTree = "<group>"; };
		102AF0D31D36E76500496991 /* CoinSArrow.sks */ = {isa = PBXFileReference; lastKnownFileType = file.sks; path = CoinSArrow.sks; sourceTree = "<group>"; };
		102AF0D41D36E76500496991 /* CoinSCross.sks */ = {isa = PBXFileReference; lastKnownFileType = file.sks; path = CoinSCross.sks; sourceTree = "<group>"; };
		102AF0D51D36E76500496991 /* CoinSDiagonal.sks */ = {isa = PBXFileReference; lastKnownFileType = file.sks; path = CoinSDiagonal.sks; sourceTree = "<group>"; };
		102AF0D61D36E76500496991 /* CollectNormal.sks */ = {isa = PBXFileReference; lastKnownFileType = file.sks; path = CollectNormal.sks; sourceTree = "<group>"; };
		102AF0D71D36E76500496991 /* CollectSpecial.sks */ = {isa = PBXFileReference; lastKnownFileType = file.sks; path = CollectSpecial.sks; sourceTree = "<group>"; };
		102AF0D81D36E76500496991 /* Lava.sks */ = {isa = PBXFileReference; lastKnownFileType = file.sks; path = Lava.sks; sourceTree = "<group>"; };
		102AF0D91D36E76500496991 /* Platform5Across.sks */ = {isa = PBXFileReference; lastKnownFileType = file.sks; path = Platform5Across.sks; sourceTree = "<group>"; };
		102AF0DA1D36E76500496991 /* PlatformArrow.sks */ = {isa = PBXFileReference; lastKnownFileType = file.sks; path = PlatformArrow.sks; sourceTree = "<group>"; };
		102AF0DB1D36E76500496991 /* PlatformDiagonal.sks */ = {isa = PBXFileReference; lastKnownFileType = file.sks; path = PlatformDiagonal.sks; sourceTree = "<group>"; };
		102AF0DC1D36E76500496991 /* PlayerTrail.sks */ = {isa = PBXFileReference; lastKnownFileType = file.sks; path = PlayerTrail.sks; sourceTree = "<group>"; };
		102AF0F11D36F26500496991 /* CGFloat+Extensions.swift */ = {isa = PBXFileReference; fileEncoding = 4; lastKnownFileType = sourcecode.swift; path = "CGFloat+Extensions.swift"; sourceTree = "<group>"; };
		102AF0F21D36F26500496991 /* CGPoint+Extensions.swift */ = {isa = PBXFileReference; fileEncoding = 4; lastKnownFileType = sourcecode.swift; path = "CGPoint+Extensions.swift"; sourceTree = "<group>"; };
		102AF0F31D36F26500496991 /* CGVector+Extensions.swift */ = {isa = PBXFileReference; fileEncoding = 4; lastKnownFileType = sourcecode.swift; path = "CGVector+Extensions.swift"; sourceTree = "<group>"; };
		102AF0F41D36F26500496991 /* Int+Extensions.swift */ = {isa = PBXFileReference; fileEncoding = 4; lastKnownFileType = sourcecode.swift; path = "Int+Extensions.swift"; sourceTree = "<group>"; };
		102AF0F51D36F26500496991 /* SKAction+Extensions.swift */ = {isa = PBXFileReference; fileEncoding = 4; lastKnownFileType = sourcecode.swift; path = "SKAction+Extensions.swift"; sourceTree = "<group>"; };
		102AF0F61D36F26500496991 /* SKAction+SpecialEffects.swift */ = {isa = PBXFileReference; fileEncoding = 4; lastKnownFileType = sourcecode.swift; path = "SKAction+SpecialEffects.swift"; sourceTree = "<group>"; };
		102AF0F71D36F26500496991 /* SKColor+Extensions.swift */ = {isa = PBXFileReference; fileEncoding = 4; lastKnownFileType = sourcecode.swift; path = "SKColor+Extensions.swift"; sourceTree = "<group>"; };
		102AF0F81D36F26500496991 /* SKNode+Extensions.swift */ = {isa = PBXFileReference; fileEncoding = 4; lastKnownFileType = sourcecode.swift; path = "SKNode+Extensions.swift"; sourceTree = "<group>"; };
		102AF0F91D36F26500496991 /* SKTAudio.swift */ = {isa = PBXFileReference; fileEncoding = 4; lastKnownFileType = sourcecode.swift; path = SKTAudio.swift; sourceTree = "<group>"; };
		102AF0FA1D36F26500496991 /* SKTEffects.swift */ = {isa = PBXFileReference; fileEncoding = 4; lastKnownFileType = sourcecode.swift; path = SKTEffects.swift; sourceTree = "<group>"; };
		102AF0FB1D36F26500496991 /* SKTTimingFunctions.swift */ = {isa = PBXFileReference; fileEncoding = 4; lastKnownFileType = sourcecode.swift; path = SKTTimingFunctions.swift; sourceTree = "<group>"; };
		102AF0FC1D36F26500496991 /* Vector3.swift */ = {isa = PBXFileReference; fileEncoding = 4; lastKnownFileType = sourcecode.swift; path = Vector3.swift; sourceTree = "<group>"; };
		102AF10A1D36F56700496991 /* Break5Across.sks */ = {isa = PBXFileReference; lastKnownFileType = file.sks; path = Break5Across.sks; sourceTree = "<group>"; };
		102AF10B1D36F56700496991 /* BreakArrow.sks */ = {isa = PBXFileReference; lastKnownFileType = file.sks; path = BreakArrow.sks; sourceTree = "<group>"; };
		102AF10C1D36F56700496991 /* BreakDiagonal.sks */ = {isa = PBXFileReference; lastKnownFileType = file.sks; path = BreakDiagonal.sks; sourceTree = "<group>"; };
		102AF10D1D36F56700496991 /* BrokenPlatform.sks */ = {isa = PBXFileReference; lastKnownFileType = file.sks; path = BrokenPlatform.sks; sourceTree = "<group>"; };
		102AF10E1D36F56700496991 /* Coin5Across.sks */ = {isa = PBXFileReference; lastKnownFileType = file.sks; path = Coin5Across.sks; sourceTree = "<group>"; };
		102AF10F1D36F56700496991 /* CoinCross.sks */ = {isa = PBXFileReference; lastKnownFileType = file.sks; path = CoinCross.sks; sourceTree = "<group>"; };
		102AF1101D36F56700496991 /* CoinDiagonal.sks */ = {isa = PBXFileReference; lastKnownFileType = file.sks; path = CoinDiagonal.sks; sourceTree = "<group>"; };
		102AF1111D36F56700496991 /* CoinS5Across.sks */ = {isa = PBXFileReference; lastKnownFileType = file.sks; path = CoinS5Across.sks; sourceTree = "<group>"; };
		102AF1121D36F56700496991 /* CoinSArrow.sks */ = {isa = PBXFileReference; lastKnownFileType = file.sks; path = CoinSArrow.sks; sourceTree = "<group>"; };
		102AF1131D36F56700496991 /* CoinSCross.sks */ = {isa = PBXFileReference; lastKnownFileType = file.sks; path = CoinSCross.sks; sourceTree = "<group>"; };
		102AF1141D36F56700496991 /* CoinSDiagonal.sks */ = {isa = PBXFileReference; lastKnownFileType = file.sks; path = CoinSDiagonal.sks; sourceTree = "<group>"; };
		102AF1151D36F56700496991 /* CollectNormal.sks */ = {isa = PBXFileReference; lastKnownFileType = file.sks; path = CollectNormal.sks; sourceTree = "<group>"; };
		102AF1161D36F56700496991 /* CollectSpecial.sks */ = {isa = PBXFileReference; lastKnownFileType = file.sks; path = CollectSpecial.sks; sourceTree = "<group>"; };
		102AF1171D36F56700496991 /* Lava.sks */ = {isa = PBXFileReference; lastKnownFileType = file.sks; path = Lava.sks; sourceTree = "<group>"; };
		102AF1181D36F56700496991 /* Platform5Across.sks */ = {isa = PBXFileReference; lastKnownFileType = file.sks; path = Platform5Across.sks; sourceTree = "<group>"; };
		102AF1191D36F56700496991 /* PlatformArrow.sks */ = {isa = PBXFileReference; lastKnownFileType = file.sks; path = PlatformArrow.sks; sourceTree = "<group>"; };
		102AF11A1D36F56700496991 /* PlatformDiagonal.sks */ = {isa = PBXFileReference; lastKnownFileType = file.sks; path = PlatformDiagonal.sks; sourceTree = "<group>"; };
		102AF11B1D36F56700496991 /* PlayerTrail.sks */ = {isa = PBXFileReference; lastKnownFileType = file.sks; path = PlayerTrail.sks; sourceTree = "<group>"; };
		102E717C1D42D2FA00815790 /* Minercraftory.ttf */ = {isa = PBXFileReference; lastKnownFileType = file; path = Minercraftory.ttf; sourceTree = "<group>"; };
		102E717E1D42D4F300815790 /* Pixel Coleco.otf */ = {isa = PBXFileReference; lastKnownFileType = file; path = "Pixel Coleco.otf"; sourceTree = "<group>"; };
		102FBA2A1D501629002CB7C8 /* MainScene.swift */ = {isa = PBXFileReference; fileEncoding = 4; lastKnownFileType = sourcecode.swift; name = MainScene.swift; path = DroppingCharge/MainScene.swift; sourceTree = SOURCE_ROOT; };
		10304D961D301B98007372D8 /* DroppingCharge.app */ = {isa = PBXFileReference; explicitFileType = wrapper.application; includeInIndex = 0; path = DroppingCharge.app; sourceTree = BUILT_PRODUCTS_DIR; };
		10304D991D301B98007372D8 /* AppDelegate.swift */ = {isa = PBXFileReference; lastKnownFileType = sourcecode.swift; path = AppDelegate.swift; sourceTree = "<group>"; };
		10304D9D1D301B98007372D8 /* GameScene.swift */ = {isa = PBXFileReference; lastKnownFileType = sourcecode.swift; path = GameScene.swift; sourceTree = "<group>"; };
		10304D9F1D301B98007372D8 /* GameViewController.swift */ = {isa = PBXFileReference; lastKnownFileType = sourcecode.swift; name = GameViewController.swift; path = ../GameViewController.swift; sourceTree = "<group>"; };
		10304DA21D301B98007372D8 /* Base */ = {isa = PBXFileReference; lastKnownFileType = file.storyboard; name = Base; path = Base.lproj/Main.storyboard; sourceTree = "<group>"; };
		10304DA41D301B98007372D8 /* Assets.xcassets */ = {isa = PBXFileReference; lastKnownFileType = folder.assetcatalog; path = Assets.xcassets; sourceTree = "<group>"; };
		10304DA91D301B98007372D8 /* Info.plist */ = {isa = PBXFileReference; lastKnownFileType = text.plist.xml; path = Info.plist; sourceTree = "<group>"; };
		1030E2DC1D58227400740C66 /* GoogleMobileAds.framework */ = {isa = PBXFileReference; lastKnownFileType = wrapper.framework; path = GoogleMobileAds.framework; sourceTree = "<group>"; };
		1030E2DE1D58227400740C66 /* GADMAdNetworkAdapterProtocol.h */ = {isa = PBXFileReference; fileEncoding = 4; lastKnownFileType = sourcecode.c.h; path = GADMAdNetworkAdapterProtocol.h; sourceTree = "<group>"; };
		1030E2DF1D58227400740C66 /* GADMAdNetworkConnectorProtocol.h */ = {isa = PBXFileReference; fileEncoding = 4; lastKnownFileType = sourcecode.c.h; path = GADMAdNetworkConnectorProtocol.h; sourceTree = "<group>"; };
		1030E2E01D58227400740C66 /* GADMediationAdRequest.h */ = {isa = PBXFileReference; fileEncoding = 4; lastKnownFileType = sourcecode.c.h; path = GADMediationAdRequest.h; sourceTree = "<group>"; };
		1030E2E11D58227400740C66 /* GADMEnums.h */ = {isa = PBXFileReference; fileEncoding = 4; lastKnownFileType = sourcecode.c.h; path = GADMEnums.h; sourceTree = "<group>"; };
		1030E2E21D58227400740C66 /* GADMRewardBasedVideoAdNetworkAdapterProtocol.h */ = {isa = PBXFileReference; fileEncoding = 4; lastKnownFileType = sourcecode.c.h; path = GADMRewardBasedVideoAdNetworkAdapterProtocol.h; sourceTree = "<group>"; };
		1030E2E31D58227400740C66 /* GADMRewardBasedVideoAdNetworkConnectorProtocol.h */ = {isa = PBXFileReference; fileEncoding = 4; lastKnownFileType = sourcecode.c.h; path = GADMRewardBasedVideoAdNetworkConnectorProtocol.h; sourceTree = "<group>"; };
		1030E2E41D58227400740C66 /* README.txt */ = {isa = PBXFileReference; fileEncoding = 4; lastKnownFileType = text; path = README.txt; sourceTree = "<group>"; };
		1030E2E51D58227400740C66 /* README.txt */ = {isa = PBXFileReference; fileEncoding = 4; lastKnownFileType = text; path = README.txt; sourceTree = "<group>"; };
		1030E2EF1D5843A300740C66 /* StartScene.swift */ = {isa = PBXFileReference; fileEncoding = 4; lastKnownFileType = sourcecode.swift; path = StartScene.swift; sourceTree = "<group>"; };
		1030E2F11D5844A600740C66 /* StartScene.sks */ = {isa = PBXFileReference; lastKnownFileType = file.sks; path = StartScene.sks; sourceTree = "<group>"; };
		1033F07E1D4048B900266DB4 /* SmokeTrail.sks */ = {isa = PBXFileReference; lastKnownFileType = file.sks; path = SmokeTrail.sks; sourceTree = "<group>"; };
		1037315B1D5390B3007BDBE5 /* Contents.json */ = {isa = PBXFileReference; fileEncoding = 4; lastKnownFileType = text.json; path = Contents.json; sourceTree = "<group>"; };
		1037315C1D5390B3007BDBE5 /* Idle__009 copy.png */ = {isa = PBXFileReference; lastKnownFileType = image.png; path = "Idle__009 copy.png"; sourceTree = "<group>"; };
		104268AE1D4BC1AD000C6057 /* HealthCounter.swift */ = {isa = PBXFileReference; fileEncoding = 4; lastKnownFileType = sourcecode.swift; path = HealthCounter.swift; sourceTree = "<group>"; };
		104268B01D4BCDB1000C6057 /* heartRef.sks */ = {isa = PBXFileReference; lastKnownFileType = file.sks; name = heartRef.sks; path = ../heartRef.sks; sourceTree = "<group>"; };
		104268B21D4C17B1000C6057 /* GameProtocol.swift */ = {isa = PBXFileReference; fileEncoding = 4; lastKnownFileType = sourcecode.swift; name = GameProtocol.swift; path = ../GameProtocol.swift; sourceTree = "<group>"; };
		1048D4051D495396006120A3 /* Icon-App-29x29@1x.png */ = {isa = PBXFileReference; lastKnownFileType = image.png; path = "Icon-App-29x29@1x.png"; sourceTree = "<group>"; };
		1048D4061D495396006120A3 /* Icon-App-29x29@2x-1.png */ = {isa = PBXFileReference; lastKnownFileType = image.png; path = "Icon-App-29x29@2x-1.png"; sourceTree = "<group>"; };
		1048D4071D495396006120A3 /* Icon-App-29x29@2x.png */ = {isa = PBXFileReference; lastKnownFileType = image.png; path = "Icon-App-29x29@2x.png"; sourceTree = "<group>"; };
		1048D4081D495396006120A3 /* Icon-App-29x29@3x.png */ = {isa = PBXFileReference; lastKnownFileType = image.png; path = "Icon-App-29x29@3x.png"; sourceTree = "<group>"; };
		1048D4091D495396006120A3 /* Icon-App-40x40@1x.png */ = {isa = PBXFileReference; lastKnownFileType = image.png; path = "Icon-App-40x40@1x.png"; sourceTree = "<group>"; };
		1048D40A1D495396006120A3 /* Icon-App-40x40@2x-1.png */ = {isa = PBXFileReference; lastKnownFileType = image.png; path = "Icon-App-40x40@2x-1.png"; sourceTree = "<group>"; };
		1048D40B1D495396006120A3 /* Icon-App-40x40@2x.png */ = {isa = PBXFileReference; lastKnownFileType = image.png; path = "Icon-App-40x40@2x.png"; sourceTree = "<group>"; };
		1048D40C1D495396006120A3 /* Icon-App-40x40@3x-1.png */ = {isa = PBXFileReference; lastKnownFileType = image.png; path = "Icon-App-40x40@3x-1.png"; sourceTree = "<group>"; };
		1048D40D1D495396006120A3 /* Icon-App-40x40@3x.png */ = {isa = PBXFileReference; lastKnownFileType = image.png; path = "Icon-App-40x40@3x.png"; sourceTree = "<group>"; };
		1048D40E1D495396006120A3 /* Icon-App-60x60@3x.png */ = {isa = PBXFileReference; lastKnownFileType = image.png; path = "Icon-App-60x60@3x.png"; sourceTree = "<group>"; };
		1048D40F1D495396006120A3 /* Icon-App-76x76@1x.png */ = {isa = PBXFileReference; lastKnownFileType = image.png; path = "Icon-App-76x76@1x.png"; sourceTree = "<group>"; };
		1048D4101D495396006120A3 /* Icon-App-76x76@2x.png */ = {isa = PBXFileReference; lastKnownFileType = image.png; path = "Icon-App-76x76@2x.png"; sourceTree = "<group>"; };
		104D61861D4144E80094737D /* instruction_toRight.png */ = {isa = PBXFileReference; lastKnownFileType = image.png; name = instruction_toRight.png; path = Assets.xcassets/instruction_toRight.png; sourceTree = "<group>"; };
		104D61881D41465A0094737D /* instruction_toLeft.png */ = {isa = PBXFileReference; lastKnownFileType = image.png; name = instruction_toLeft.png; path = Assets.xcassets/instruction_toLeft.png; sourceTree = "<group>"; };
		104D618E1D414D740094737D /* CharacterScene.sks */ = {isa = PBXFileReference; lastKnownFileType = file.sks; path = CharacterScene.sks; sourceTree = "<group>"; };
		104D61901D414DD20094737D /* CharacterScene.swift */ = {isa = PBXFileReference; fileEncoding = 4; lastKnownFileType = sourcecode.swift; path = CharacterScene.swift; sourceTree = "<group>"; };
		104D61931D415C7E0094737D /* Coin_1.png */ = {isa = PBXFileReference; lastKnownFileType = image.png; path = Coin_1.png; sourceTree = "<group>"; };
		104D61941D415C7E0094737D /* Coin_2.png */ = {isa = PBXFileReference; lastKnownFileType = image.png; path = Coin_2.png; sourceTree = "<group>"; };
		104D61951D415C7E0094737D /* Coin_3.png */ = {isa = PBXFileReference; lastKnownFileType = image.png; path = Coin_3.png; sourceTree = "<group>"; };
		104D61961D415C7E0094737D /* Coin_4.png */ = {isa = PBXFileReference; lastKnownFileType = image.png; path = Coin_4.png; sourceTree = "<group>"; };
		104D61971D415C7E0094737D /* Coin_5.png */ = {isa = PBXFileReference; lastKnownFileType = image.png; path = Coin_5.png; sourceTree = "<group>"; };
		105227891D5164B400279F99 /* kunai.sks */ = {isa = PBXFileReference; lastKnownFileType = file.sks; path = kunai.sks; sourceTree = "<group>"; };
		106DFE171D3D83A1004FD9D0 /* bigger_platform.png */ = {isa = PBXFileReference; lastKnownFileType = image.png; path = bigger_platform.png; sourceTree = "<group>"; };
		106DFE1D1D3D9636004FD9D0 /* Coin.sks */ = {isa = PBXFileReference; lastKnownFileType = file.sks; name = Coin.sks; path = Scene/Coin.sks; sourceTree = "<group>"; };
		106DFE1F1D3D9684004FD9D0 /* CoinSpecial.sks */ = {isa = PBXFileReference; lastKnownFileType = file.sks; name = CoinSpecial.sks; path = Scene/CoinSpecial.sks; sourceTree = "<group>"; };
		1094BE151D3ED86C00DC8460 /* platform.png */ = {isa = PBXFileReference; lastKnownFileType = image.png; path = platform.png; sourceTree = "<group>"; };
		1094BE171D3ED96300DC8460 /* new_bg1.png */ = {isa = PBXFileReference; lastKnownFileType = image.png; path = new_bg1.png; sourceTree = "<group>"; };
		1094BE191D3EE67200DC8460 /* character_male-ninja.png */ = {isa = PBXFileReference; lastKnownFileType = image.png; path = "character_male-ninja.png"; sourceTree = "<group>"; };
		1094BE1B1D3EE86A00DC8460 /* Kunai.png */ = {isa = PBXFileReference; lastKnownFileType = image.png; path = Kunai.png; sourceTree = "<group>"; };
		1094BE1D1D3EECB800DC8460 /* MenuScene.swift */ = {isa = PBXFileReference; fileEncoding = 4; lastKnownFileType = sourcecode.swift; path = MenuScene.swift; sourceTree = "<group>"; };
		1094BE1F1D3EED9700DC8460 /* MSButtonNode.swift */ = {isa = PBXFileReference; fileEncoding = 4; lastKnownFileType = sourcecode.swift; path = MSButtonNode.swift; sourceTree = "<group>"; };
		10F0AE6B1D399548004B287C /* alarm.wav */ = {isa = PBXFileReference; lastKnownFileType = audio.wav; path = alarm.wav; sourceTree = "<group>"; };
		10F0AE6C1D399548004B287C /* attribution.txt */ = {isa = PBXFileReference; fileEncoding = 4; lastKnownFileType = text; path = attribution.txt; sourceTree = "<group>"; };
		10F0AE6D1D399548004B287C /* bgMusic.mp3 */ = {isa = PBXFileReference; lastKnownFileType = audio.mp3; path = bgMusic.mp3; sourceTree = "<group>"; };
		10F0AE6E1D399548004B287C /* bombDrop.wav */ = {isa = PBXFileReference; lastKnownFileType = audio.wav; path = bombDrop.wav; sourceTree = "<group>"; };
		10F0AE6F1D399548004B287C /* boost.wav */ = {isa = PBXFileReference; lastKnownFileType = audio.wav; path = boost.wav; sourceTree = "<group>"; };
		10F0AE701D399548004B287C /* brick.caf */ = {isa = PBXFileReference; lastKnownFileType = file; path = brick.caf; sourceTree = "<group>"; };
		10F0AE711D399548004B287C /* coin1.wav */ = {isa = PBXFileReference; lastKnownFileType = audio.wav; path = coin1.wav; sourceTree = "<group>"; };
		10F0AE721D399548004B287C /* coin4.wav */ = {isa = PBXFileReference; lastKnownFileType = audio.wav; path = coin4.wav; sourceTree = "<group>"; };
		10F0AE731D399548004B287C /* DrownFireBug.mp3 */ = {isa = PBXFileReference; lastKnownFileType = audio.mp3; path = DrownFireBug.mp3; sourceTree = "<group>"; };
		10F0AE741D399548004B287C /* explosion1.wav */ = {isa = PBXFileReference; lastKnownFileType = audio.wav; path = explosion1.wav; sourceTree = "<group>"; };
		10F0AE751D399548004B287C /* explosion2.wav */ = {isa = PBXFileReference; lastKnownFileType = audio.wav; path = explosion2.wav; sourceTree = "<group>"; };
		10F0AE761D399548004B287C /* explosion3.wav */ = {isa = PBXFileReference; lastKnownFileType = audio.wav; path = explosion3.wav; sourceTree = "<group>"; };
		10F0AE771D399548004B287C /* explosion4.wav */ = {isa = PBXFileReference; lastKnownFileType = audio.wav; path = explosion4.wav; sourceTree = "<group>"; };
		10F0AE781D399548004B287C /* jump.wav */ = {isa = PBXFileReference; lastKnownFileType = audio.wav; path = jump.wav; sourceTree = "<group>"; };
		10F0AE791D399548004B287C /* nitro.wav */ = {isa = PBXFileReference; lastKnownFileType = audio.wav; path = nitro.wav; sourceTree = "<group>"; };
		10F0AE7A1D399548004B287C /* player_die.wav */ = {isa = PBXFileReference; lastKnownFileType = audio.wav; path = player_die.wav; sourceTree = "<group>"; };
		10F0AE7B1D399548004B287C /* SpaceGame.caf */ = {isa = PBXFileReference; lastKnownFileType = file; path = SpaceGame.caf; sourceTree = "<group>"; };
		10F0AE7C1D399548004B287C /* tickTock.wav */ = {isa = PBXFileReference; lastKnownFileType = audio.wav; path = tickTock.wav; sourceTree = "<group>"; };
		579FB0F3C2967879B86B5324 /* Pods_DroppingCharge.framework */ = {isa = PBXFileReference; explicitFileType = wrapper.framework; includeInIndex = 0; path = Pods_DroppingCharge.framework; sourceTree = BUILT_PRODUCTS_DIR; };
		81FB930F6897F59D3D3043C7 /* Pods-DroppingCharge.debug.xcconfig */ = {isa = PBXFileReference; includeInIndex = 1; lastKnownFileType = text.xcconfig; name = "Pods-DroppingCharge.debug.xcconfig"; path = "Pods/Target Support Files/Pods-DroppingCharge/Pods-DroppingCharge.debug.xcconfig"; sourceTree = "<group>"; };
		E0CE215EB6F52C08136D4A03 /* Pods-DroppingCharge.release.xcconfig */ = {isa = PBXFileReference; includeInIndex = 1; lastKnownFileType = text.xcconfig; name = "Pods-DroppingCharge.release.xcconfig"; path = "Pods/Target Support Files/Pods-DroppingCharge/Pods-DroppingCharge.release.xcconfig"; sourceTree = "<group>"; };
/* End PBXFileReference section */

/* Begin PBXFrameworksBuildPhase section */
		10304D931D301B98007372D8 /* Frameworks */ = {
			isa = PBXFrameworksBuildPhase;
			buildActionMask = 2147483647;
			files = (
				1030E2E61D58227400740C66 /* GoogleMobileAds.framework in Frameworks */,
				975F38115B47E2EEE6BD6F14 /* Pods_DroppingCharge.framework in Frameworks */,
			);
			runOnlyForDeploymentPostprocessing = 0;
		};
/* End PBXFrameworksBuildPhase section */

/* Begin PBXGroup section */
		04FA528667848FE88CAA1D4A /* Frameworks */ = {
			isa = PBXGroup;
			children = (
				579FB0F3C2967879B86B5324 /* Pods_DroppingCharge.framework */,
			);
			name = Frameworks;
			sourceTree = "<group>";
		};
		1001B0A11D4179CE007FDD80 /* TestingScene */ = {
			isa = PBXGroup;
			children = (
				1001B0A21D4179CE007FDD80 /* coinCrossScene.sks */,
			);
			path = TestingScene;
			sourceTree = "<group>";
		};
		102AF0621D36B6A700496991 /* GameState */ = {
			isa = PBXGroup;
			children = (
				102AF05C1D36B52000496991 /* GameOver.swift */,
				10151E031D5BB50700264FC9 /* GameWon.swift */,
				102AF0631D36B6C500496991 /* WaitingForTap.swift */,
				102AF05E1D36B5BA00496991 /* Play.swift */,
				102AF0601D36B5D800496991 /* WaitingForBomb.swift */,
				10304D9F1D301B98007372D8 /* GameViewController.swift */,
				1030E2DB1D58227400740C66 /* GoogleMobileAdsSdkiOS-7.9.1 */,
			);
			path = GameState;
			sourceTree = "<group>";
		};
		102AF0951D36BDFB00496991 /* Scene */ = {
			isa = PBXGroup;
			children = (
				1033F07E1D4048B900266DB4 /* SmokeTrail.sks */,
				102AF0C91D36E76500496991 /* Scene */,
				102AF06F1D36BCC800496991 /* Break5Across.sks */,
				102AF0701D36BCC800496991 /* BreakArrow.sks */,
				102AF0711D36BCC800496991 /* BreakDiagonal.sks */,
				102AF0721D36BCC800496991 /* BrokenPlatform.sks */,
				102AF0751D36BCC800496991 /* CoinCross.sks */,
				102AF0761D36BCC800496991 /* CoinDiagonal.sks */,
				102AF0771D36BCC800496991 /* CoinS5Across.sks */,
				102AF0791D36BCC800496991 /* CoinSCross.sks */,
				102AF07A1D36BCC800496991 /* CoinSDiagonal.sks */,
				102AF07B1D36BCC800496991 /* CollectNormal.sks */,
				102AF07C1D36BCC800496991 /* CollectSpecial.sks */,
				102AF07D1D36BCC800496991 /* Lava.sks */,
				102AF07E1D36BCC800496991 /* Platform5Across.sks */,
			);
			name = Scene;
			sourceTree = "<group>";
		};
		102AF0981D36C16800496991 /* resources */ = {
			isa = PBXGroup;
			children = (
				102E717C1D42D2FA00815790 /* Minercraftory.ttf */,
				102E717E1D42D4F300815790 /* Pixel Coleco.otf */,
				102AF1091D36F56700496991 /* Scene */,
				102AF0991D36C16800496991 /* particles */,
				102AF09F1D36C16800496991 /* sounds */,
			);
			path = resources;
			sourceTree = "<group>";
		};
		102AF0991D36C16800496991 /* particles */ = {
			isa = PBXGroup;
			children = (
				102AF09A1D36C16800496991 /* BrokenPlatform.sks */,
				102AF09B1D36C16800496991 /* CollectNormal.sks */,
				102AF09C1D36C16800496991 /* CollectSpecial.sks */,
				102AF09D1D36C16800496991 /* PlayerTrail.sks */,
				102AF09E1D36C16800496991 /* Star.png */,
			);
			path = particles;
			sourceTree = "<group>";
		};
		102AF09F1D36C16800496991 /* sounds */ = {
			isa = PBXGroup;
			children = (
				102AF0A01D36C16800496991 /* alarm.wav */,
				102AF0A11D36C16800496991 /* attribution.txt */,
				102AF0A21D36C16800496991 /* bgMusic.mp3 */,
				102AF0A31D36C16800496991 /* bombDrop.wav */,
				102AF0A41D36C16800496991 /* boost.wav */,
				102AF0A51D36C16800496991 /* brick.caf */,
				102AF0A61D36C16800496991 /* coin1.wav */,
				102AF0A71D36C16800496991 /* coin4.wav */,
				102AF0A81D36C16800496991 /* DrownFireBug.mp3 */,
				102AF0A91D36C16800496991 /* explosion1.wav */,
				102AF0AA1D36C16800496991 /* explosion2.wav */,
				102AF0AB1D36C16800496991 /* explosion3.wav */,
				102AF0AC1D36C16800496991 /* explosion4.wav */,
				102AF0AD1D36C16800496991 /* jump.wav */,
				102AF0AE1D36C16800496991 /* nitro.wav */,
				102AF0AF1D36C16800496991 /* player_die.wav */,
				102AF0B01D36C16800496991 /* SpaceGame.caf */,
				102AF0B11D36C16800496991 /* tickTock.wav */,
			);
			path = sounds;
			sourceTree = "<group>";
		};
		102AF0C91D36E76500496991 /* Scene */ = {
			isa = PBXGroup;
			children = (
				102AF0CA1D36E76500496991 /* Break5Across.sks */,
				102AF0CB1D36E76500496991 /* BreakArrow.sks */,
				102AF0CC1D36E76500496991 /* BreakDiagonal.sks */,
				102AF0CD1D36E76500496991 /* BrokenPlatform.sks */,
				102AF0CE1D36E76500496991 /* Coin5Across.sks */,
				102AF0CF1D36E76500496991 /* CoinArrow.sks */,
				102AF0D01D36E76500496991 /* CoinCross.sks */,
				102AF0D11D36E76500496991 /* CoinDiagonal.sks */,
				102AF0D21D36E76500496991 /* CoinS5Across.sks */,
				102AF0D31D36E76500496991 /* CoinSArrow.sks */,
				102AF0D41D36E76500496991 /* CoinSCross.sks */,
				102AF0D51D36E76500496991 /* CoinSDiagonal.sks */,
				102AF0D61D36E76500496991 /* CollectNormal.sks */,
				102AF0D71D36E76500496991 /* CollectSpecial.sks */,
				102AF0D81D36E76500496991 /* Lava.sks */,
				102AF0D91D36E76500496991 /* Platform5Across.sks */,
				102AF0DA1D36E76500496991 /* PlatformArrow.sks */,
				102AF0DB1D36E76500496991 /* PlatformDiagonal.sks */,
				102AF0DC1D36E76500496991 /* PlayerTrail.sks */,
			);
			path = Scene;
			sourceTree = "<group>";
		};
		102AF0F01D36F26500496991 /* SKTUtils */ = {
			isa = PBXGroup;
			children = (
				102AF0F11D36F26500496991 /* CGFloat+Extensions.swift */,
				102AF0F21D36F26500496991 /* CGPoint+Extensions.swift */,
				102AF0F31D36F26500496991 /* CGVector+Extensions.swift */,
				102AF0F41D36F26500496991 /* Int+Extensions.swift */,
				102AF0F51D36F26500496991 /* SKAction+Extensions.swift */,
				102AF0F61D36F26500496991 /* SKAction+SpecialEffects.swift */,
				102AF0F71D36F26500496991 /* SKColor+Extensions.swift */,
				102AF0F81D36F26500496991 /* SKNode+Extensions.swift */,
				102AF0F91D36F26500496991 /* SKTAudio.swift */,
				102AF0FA1D36F26500496991 /* SKTEffects.swift */,
				102AF0FB1D36F26500496991 /* SKTTimingFunctions.swift */,
				102AF0FC1D36F26500496991 /* Vector3.swift */,
			);
			path = SKTUtils;
			sourceTree = "<group>";
		};
		102AF1091D36F56700496991 /* Scene */ = {
			isa = PBXGroup;
			children = (
				104268B01D4BCDB1000C6057 /* heartRef.sks */,
				105227891D5164B400279F99 /* kunai.sks */,
				102AF10A1D36F56700496991 /* Break5Across.sks */,
				102AF10B1D36F56700496991 /* BreakArrow.sks */,
				102AF10C1D36F56700496991 /* BreakDiagonal.sks */,
				102AF10D1D36F56700496991 /* BrokenPlatform.sks */,
				102AF10E1D36F56700496991 /* Coin5Across.sks */,
				102AF10F1D36F56700496991 /* CoinCross.sks */,
				102AF1101D36F56700496991 /* CoinDiagonal.sks */,
				102AF1111D36F56700496991 /* CoinS5Across.sks */,
				102AF1121D36F56700496991 /* CoinSArrow.sks */,
				102AF1131D36F56700496991 /* CoinSCross.sks */,
				102AF1141D36F56700496991 /* CoinSDiagonal.sks */,
				102AF1151D36F56700496991 /* CollectNormal.sks */,
				102AF1161D36F56700496991 /* CollectSpecial.sks */,
				102AF1171D36F56700496991 /* Lava.sks */,
				102AF1181D36F56700496991 /* Platform5Across.sks */,
				102AF1191D36F56700496991 /* PlatformArrow.sks */,
				102AF11A1D36F56700496991 /* PlatformDiagonal.sks */,
				102AF11B1D36F56700496991 /* PlayerTrail.sks */,
			);
			name = Scene;
			path = ../Scene;
			sourceTree = "<group>";
		};
		10304D8D1D301B98007372D8 = {
			isa = PBXGroup;
			children = (
				10304D981D301B98007372D8 /* DroppingCharge */,
				10304D971D301B98007372D8 /* Products */,
				DC919830F2FCDC2B75341646 /* Pods */,
				04FA528667848FE88CAA1D4A /* Frameworks */,
			);
			sourceTree = "<group>";
		};
		10304D971D301B98007372D8 /* Products */ = {
			isa = PBXGroup;
			children = (
				10304D961D301B98007372D8 /* DroppingCharge.app */,
			);
			name = Products;
			sourceTree = "<group>";
		};
		10304D981D301B98007372D8 /* DroppingCharge */ = {
			isa = PBXGroup;
			children = (
				104268B21D4C17B1000C6057 /* GameProtocol.swift */,
				104D61901D414DD20094737D /* CharacterScene.swift */,
				10304D991D301B98007372D8 /* AppDelegate.swift */,
				102FBA2A1D501629002CB7C8 /* MainScene.swift */,
				10304D9D1D301B98007372D8 /* GameScene.swift */,
				1030E2EF1D5843A300740C66 /* StartScene.swift */,
				1030E2F11D5844A600740C66 /* StartScene.sks */,
				102879F01D5530050033BB12 /* Launch Screen.storyboard */,
				104268AE1D4BC1AD000C6057 /* HealthCounter.swift */,
				104D61861D4144E80094737D /* instruction_toRight.png */,
				104D61881D41465A0094737D /* instruction_toLeft.png */,
				106DFE1F1D3D9684004FD9D0 /* CoinSpecial.sks */,
				102AF0961D36C01700496991 /* GameScene.sks */,
				104D61921D415C7E0094737D /* CoinsImages */,
				106DFE1D1D3D9636004FD9D0 /* Coin.sks */,
				1001B09D1D417735007FDD80 /* restartButton.png */,
				102AF0621D36B6A700496991 /* GameState */,
				10F0AE6A1D399548004B287C /* sounds */,
				102AF0F01D36F26500496991 /* SKTUtils */,
				102AF0981D36C16800496991 /* resources */,
				102AF0951D36BDFB00496991 /* Scene */,
				102AF07F1D36BCC800496991 /* PlatformArrow.sks */,
				102AF0801D36BCC800496991 /* PlatformDiagonal.sks */,
				106DFE171D3D83A1004FD9D0 /* bigger_platform.png */,
				102AF0811D36BCC800496991 /* PlayerTrail.sks */,
				102AF0671D36BB5100496991 /* Jump.swift */,
				102AF0651D36BB1700496991 /* Idle.swift */,
				102AF0691D36BB7E00496991 /* Fall.swift */,
				102AF06B1D36BB8D00496991 /* Lava.swift */,
				102AF06D1D36BB9900496991 /* Dead.swift */,
				104D618E1D414D740094737D /* CharacterScene.sks */,
				1094BE1D1D3EECB800DC8460 /* MenuScene.swift */,
				1094BE1F1D3EED9700DC8460 /* MSButtonNode.swift */,
				1094BE151D3ED86C00DC8460 /* platform.png */,
				10304DA11D301B98007372D8 /* Main.storyboard */,
				1094BE1B1D3EE86A00DC8460 /* Kunai.png */,
				10304DA41D301B98007372D8 /* Assets.xcassets */,
				1037315A1D5390B3007BDBE5 /* Idle__009 copy.imageset */,
				1048D4041D495396006120A3 /* icon */,
				1094BE191D3EE67200DC8460 /* character_male-ninja.png */,
				1094BE171D3ED96300DC8460 /* new_bg1.png */,
				10304DA91D301B98007372D8 /* Info.plist */,
			);
			path = DroppingCharge;
			sourceTree = "<group>";
		};
		1030E2DB1D58227400740C66 /* GoogleMobileAdsSdkiOS-7.9.1 */ = {
			isa = PBXGroup;
			children = (
				1030E2DC1D58227400740C66 /* GoogleMobileAds.framework */,
				1030E2DD1D58227400740C66 /* Mediation Adapters */,
				1030E2E51D58227400740C66 /* README.txt */,
			);
			path = "GoogleMobileAdsSdkiOS-7.9.1";
			sourceTree = "<group>";
		};
		1030E2DD1D58227400740C66 /* Mediation Adapters */ = {
			isa = PBXGroup;
			children = (
				1030E2DE1D58227400740C66 /* GADMAdNetworkAdapterProtocol.h */,
				1030E2DF1D58227400740C66 /* GADMAdNetworkConnectorProtocol.h */,
				1030E2E01D58227400740C66 /* GADMediationAdRequest.h */,
				1030E2E11D58227400740C66 /* GADMEnums.h */,
				1030E2E21D58227400740C66 /* GADMRewardBasedVideoAdNetworkAdapterProtocol.h */,
				1030E2E31D58227400740C66 /* GADMRewardBasedVideoAdNetworkConnectorProtocol.h */,
				1030E2E41D58227400740C66 /* README.txt */,
			);
			path = "Mediation Adapters";
			sourceTree = "<group>";
		};
		1037315A1D5390B3007BDBE5 /* Idle__009 copy.imageset */ = {
			isa = PBXGroup;
			children = (
				1037315B1D5390B3007BDBE5 /* Contents.json */,
				1037315C1D5390B3007BDBE5 /* Idle__009 copy.png */,
			);
			name = "Idle__009 copy.imageset";
			path = "Assets.xcassets/player/Idle__009 copy.imageset";
			sourceTree = "<group>";
		};
		1048D4041D495396006120A3 /* icon */ = {
			isa = PBXGroup;
			children = (
				1048D4051D495396006120A3 /* Icon-App-29x29@1x.png */,
				1048D4061D495396006120A3 /* Icon-App-29x29@2x-1.png */,
				1048D4071D495396006120A3 /* Icon-App-29x29@2x.png */,
				1048D4081D495396006120A3 /* Icon-App-29x29@3x.png */,
				1048D4091D495396006120A3 /* Icon-App-40x40@1x.png */,
				1048D40A1D495396006120A3 /* Icon-App-40x40@2x-1.png */,
				1048D40B1D495396006120A3 /* Icon-App-40x40@2x.png */,
				1048D40C1D495396006120A3 /* Icon-App-40x40@3x-1.png */,
				1048D40D1D495396006120A3 /* Icon-App-40x40@3x.png */,
				1048D40E1D495396006120A3 /* Icon-App-60x60@3x.png */,
				1048D40F1D495396006120A3 /* Icon-App-76x76@1x.png */,
				1048D4101D495396006120A3 /* Icon-App-76x76@2x.png */,
			);
			path = icon;
			sourceTree = "<group>";
		};
		104D61921D415C7E0094737D /* CoinsImages */ = {
			isa = PBXGroup;
			children = (
				1001B0A11D4179CE007FDD80 /* TestingScene */,
				104D61931D415C7E0094737D /* Coin_1.png */,
				104D61941D415C7E0094737D /* Coin_2.png */,
				104D61951D415C7E0094737D /* Coin_3.png */,
				104D61961D415C7E0094737D /* Coin_4.png */,
				104D61971D415C7E0094737D /* Coin_5.png */,
			);
			name = CoinsImages;
			path = Assets.xcassets/UI/CoinsImages;
			sourceTree = "<group>";
		};
		10F0AE6A1D399548004B287C /* sounds */ = {
			isa = PBXGroup;
			children = (
				10F0AE6B1D399548004B287C /* alarm.wav */,
				10F0AE6C1D399548004B287C /* attribution.txt */,
				10F0AE6D1D399548004B287C /* bgMusic.mp3 */,
				10F0AE6E1D399548004B287C /* bombDrop.wav */,
				10F0AE6F1D399548004B287C /* boost.wav */,
				10F0AE701D399548004B287C /* brick.caf */,
				10F0AE711D399548004B287C /* coin1.wav */,
				10F0AE721D399548004B287C /* coin4.wav */,
				10F0AE731D399548004B287C /* DrownFireBug.mp3 */,
				10F0AE741D399548004B287C /* explosion1.wav */,
				10F0AE751D399548004B287C /* explosion2.wav */,
				10F0AE761D399548004B287C /* explosion3.wav */,
				10F0AE771D399548004B287C /* explosion4.wav */,
				10F0AE781D399548004B287C /* jump.wav */,
				10F0AE791D399548004B287C /* nitro.wav */,
				10F0AE7A1D399548004B287C /* player_die.wav */,
				10F0AE7B1D399548004B287C /* SpaceGame.caf */,
				10F0AE7C1D399548004B287C /* tickTock.wav */,
			);
			path = sounds;
			sourceTree = "<group>";
		};
		DC919830F2FCDC2B75341646 /* Pods */ = {
			isa = PBXGroup;
			children = (
				81FB930F6897F59D3D3043C7 /* Pods-DroppingCharge.debug.xcconfig */,
				E0CE215EB6F52C08136D4A03 /* Pods-DroppingCharge.release.xcconfig */,
			);
			name = Pods;
			sourceTree = "<group>";
		};
/* End PBXGroup section */

/* Begin PBXNativeTarget section */
		10304D951D301B98007372D8 /* DroppingCharge */ = {
			isa = PBXNativeTarget;
			buildConfigurationList = 10304DAC1D301B98007372D8 /* Build configuration list for PBXNativeTarget "DroppingCharge" */;
			buildPhases = (
				708C76731A00DC5A065DD17C /* [CP] Check Pods Manifest.lock */,
				10304D921D301B98007372D8 /* Sources */,
				10304D931D301B98007372D8 /* Frameworks */,
				10304D941D301B98007372D8 /* Resources */,
				98DB4DD60997C7A31D87266B /* [CP] Embed Pods Frameworks */,
				8B4086DD6282B2210F125725 /* [CP] Copy Pods Resources */,
				10DCB4FE1D662FA600D02556 /* ShellScript */,
				10DCB4FF1D662FB100D02556 /* ShellScript */,
			);
			buildRules = (
				106599CF1D54002B00462D76 /* PBXBuildRule */,
			);
			dependencies = (
			);
			name = DroppingCharge;
			productName = DroppingCharge;
			productReference = 10304D961D301B98007372D8 /* DroppingCharge.app */;
			productType = "com.apple.product-type.application";
		};
/* End PBXNativeTarget section */

/* Begin PBXProject section */
		10304D8E1D301B98007372D8 /* Project object */ = {
			isa = PBXProject;
			attributes = {
				LastSwiftUpdateCheck = 0730;
				LastUpgradeCheck = 0800;
				ORGANIZATIONNAME = JeffChiu;
				TargetAttributes = {
					10304D951D301B98007372D8 = {
						CreatedOnToolsVersion = 7.3;
						LastSwiftMigration = 0830;
						ProvisioningStyle = Manual;
					};
				};
			};
			buildConfigurationList = 10304D911D301B98007372D8 /* Build configuration list for PBXProject "DroppingCharge" */;
			compatibilityVersion = "Xcode 3.2";
			developmentRegion = English;
			hasScannedForEncodings = 0;
			knownRegions = (
				en,
				Base,
			);
			mainGroup = 10304D8D1D301B98007372D8;
			productRefGroup = 10304D971D301B98007372D8 /* Products */;
			projectDirPath = "";
			projectRoot = "";
			targets = (
				10304D951D301B98007372D8 /* DroppingCharge */,
			);
		};
/* End PBXProject section */

/* Begin PBXResourcesBuildPhase section */
		10304D941D301B98007372D8 /* Resources */ = {
			isa = PBXResourcesBuildPhase;
			buildActionMask = 2147483647;
			files = (
				102AF08C1D36BCC800496991 /* CoinSCross.sks in Resources */,
				1094BE1C1D3EE86A00DC8460 /* Kunai.png in Resources */,
				1048D4131D495396006120A3 /* Icon-App-29x29@2x.png in Resources */,
				102879F11D5530050033BB12 /* Launch Screen.storyboard in Resources */,
				102AF0B61D36C16800496991 /* Star.png in Resources */,
				104D619C1D415C7E0094737D /* Coin_5.png in Resources */,
				102AF0BB1D36C16800496991 /* boost.wav in Resources */,
				102AF1281D36F56700496991 /* CollectSpecial.sks in Resources */,
				1048D41B1D495396006120A3 /* Icon-App-76x76@1x.png in Resources */,
				102AF1211D36F56700496991 /* CoinCross.sks in Resources */,
				102AF0EC1D36E76500496991 /* Platform5Across.sks in Resources */,
				104D61991D415C7E0094737D /* Coin_2.png in Resources */,
				104D61891D41465A0094737D /* instruction_toLeft.png in Resources */,
				1001B0A31D4179CE007FDD80 /* coinCrossScene.sks in Resources */,
				10F0AE861D399548004B287C /* explosion1.wav in Resources */,
				1037315E1D5390B3007BDBE5 /* Idle__009 copy.png in Resources */,
				102AF08E1D36BCC800496991 /* CollectNormal.sks in Resources */,
				10F0AE821D399548004B287C /* brick.caf in Resources */,
				1048D4141D495396006120A3 /* Icon-App-29x29@3x.png in Resources */,
				10F0AE8A1D399548004B287C /* jump.wav in Resources */,
				102AF0E61D36E76500496991 /* CoinSArrow.sks in Resources */,
				102E717F1D42D4F300815790 /* Pixel Coleco.otf in Resources */,
				102AF0821D36BCC800496991 /* Break5Across.sks in Resources */,
				10F0AE841D399548004B287C /* coin4.wav in Resources */,
				102AF0B81D36C16800496991 /* attribution.txt in Resources */,
				1048D4171D495396006120A3 /* Icon-App-40x40@2x.png in Resources */,
				102AF0B91D36C16800496991 /* bgMusic.mp3 in Resources */,
				102AF0EF1D36E76500496991 /* PlayerTrail.sks in Resources */,
				102AF0971D36C01700496991 /* GameScene.sks in Resources */,
				10F0AE7D1D399548004B287C /* alarm.wav in Resources */,
				1048D41C1D495396006120A3 /* Icon-App-76x76@2x.png in Resources */,
				104D619A1D415C7E0094737D /* Coin_3.png in Resources */,
				1030E2E81D58227400740C66 /* README.txt in Resources */,
				102AF08A1D36BCC800496991 /* CoinS5Across.sks in Resources */,
				102AF0C01D36C16800496991 /* explosion1.wav in Resources */,
				104D61981D415C7E0094737D /* Coin_1.png in Resources */,
				102AF0E21D36E76500496991 /* CoinArrow.sks in Resources */,
				102AF1221D36F56700496991 /* CoinDiagonal.sks in Resources */,
				1048D4111D495396006120A3 /* Icon-App-29x29@1x.png in Resources */,
				10F0AE7F1D399548004B287C /* bgMusic.mp3 in Resources */,
				102AF0B21D36C16800496991 /* BrokenPlatform.sks in Resources */,
				102AF0B41D36C16800496991 /* CollectSpecial.sks in Resources */,
				10F0AE801D399548004B287C /* bombDrop.wav in Resources */,
				1048D4121D495396006120A3 /* Icon-App-29x29@2x-1.png in Resources */,
				102AF0C21D36C16800496991 /* explosion3.wav in Resources */,
				102AF0BC1D36C16800496991 /* brick.caf in Resources */,
				1048D4161D495396006120A3 /* Icon-App-40x40@2x-1.png in Resources */,
				1094BE161D3ED86C00DC8460 /* platform.png in Resources */,
				102AF0C71D36C16800496991 /* SpaceGame.caf in Resources */,
				10F0AE891D399548004B287C /* explosion4.wav in Resources */,
				1001B09E1D417735007FDD80 /* restartButton.png in Resources */,
				102AF0C81D36C16800496991 /* tickTock.wav in Resources */,
				1048D4191D495396006120A3 /* Icon-App-40x40@3x.png in Resources */,
				102AF1201D36F56700496991 /* Coin5Across.sks in Resources */,
				102AF0BE1D36C16800496991 /* coin4.wav in Resources */,
				10F0AE831D399548004B287C /* coin1.wav in Resources */,
				1094BE181D3ED96300DC8460 /* new_bg1.png in Resources */,
				102AF0B31D36C16800496991 /* CollectNormal.sks in Resources */,
				1048D4151D495396006120A3 /* Icon-App-40x40@1x.png in Resources */,
				104268B11D4BCDB1000C6057 /* heartRef.sks in Resources */,
				102AF0EB1D36E76500496991 /* Lava.sks in Resources */,
				106DFE1E1D3D9636004FD9D0 /* Coin.sks in Resources */,
				102AF0B71D36C16800496991 /* alarm.wav in Resources */,
				104D619B1D415C7E0094737D /* Coin_4.png in Resources */,
				102AF0B51D36C16800496991 /* PlayerTrail.sks in Resources */,
				102AF0C41D36C16800496991 /* jump.wav in Resources */,
				102AF0DE1D36E76500496991 /* BreakArrow.sks in Resources */,
				102AF0E81D36E76500496991 /* CoinSDiagonal.sks in Resources */,
				102AF12C1D36F56700496991 /* PlatformDiagonal.sks in Resources */,
				102AF11E1D36F56700496991 /* BreakDiagonal.sks in Resources */,
				10304DA51D301B98007372D8 /* Assets.xcassets in Resources */,
				102AF0BD1D36C16800496991 /* coin1.wav in Resources */,
				1030E2E71D58227400740C66 /* README.txt in Resources */,
				1033F07F1D4048B900266DB4 /* SmokeTrail.sks in Resources */,
				102E717D1D42D2FA00815790 /* Minercraftory.ttf in Resources */,
				10F0AE851D399548004B287C /* DrownFireBug.mp3 in Resources */,
				106DFE201D3D9684004FD9D0 /* CoinSpecial.sks in Resources */,
				10304DA31D301B98007372D8 /* Main.storyboard in Resources */,
				102AF0C31D36C16800496991 /* explosion4.wav in Resources */,
				1048D4181D495396006120A3 /* Icon-App-40x40@3x-1.png in Resources */,
				102AF0BF1D36C16800496991 /* DrownFireBug.mp3 in Resources */,
				104D618F1D414D740094737D /* CharacterScene.sks in Resources */,
				10F0AE7E1D399548004B287C /* attribution.txt in Resources */,
				102AF11F1D36F56700496991 /* BrokenPlatform.sks in Resources */,
				102AF0921D36BCC800496991 /* PlatformArrow.sks in Resources */,
				104D61871D4144E80094737D /* instruction_toRight.png in Resources */,
				1048D41A1D495396006120A3 /* Icon-App-60x60@3x.png in Resources */,
				1052278A1D5164B400279F99 /* kunai.sks in Resources */,
				1094BE1A1D3EE67200DC8460 /* character_male-ninja.png in Resources */,
				102AF0C11D36C16800496991 /* explosion2.wav in Resources */,
				10F0AE8B1D399548004B287C /* nitro.wav in Resources */,
				106DFE181D3D83A1004FD9D0 /* bigger_platform.png in Resources */,
				102AF0BA1D36C16800496991 /* bombDrop.wav in Resources */,
				102AF0C61D36C16800496991 /* player_die.wav in Resources */,
				10F0AE8D1D399548004B287C /* SpaceGame.caf in Resources */,
				10F0AE8C1D399548004B287C /* player_die.wav in Resources */,
				10F0AE881D399548004B287C /* explosion3.wav in Resources */,
				10F0AE811D399548004B287C /* boost.wav in Resources */,
				102AF0C51D36C16800496991 /* nitro.wav in Resources */,
				10F0AE8E1D399548004B287C /* tickTock.wav in Resources */,
				1030E2F21D5844A600740C66 /* StartScene.sks in Resources */,
				1037315D1D5390B3007BDBE5 /* Contents.json in Resources */,
			);
			runOnlyForDeploymentPostprocessing = 0;
		};
/* End PBXResourcesBuildPhase section */

/* Begin PBXShellScriptBuildPhase section */
		10DCB4FE1D662FA600D02556 /* ShellScript */ = {
			isa = PBXShellScriptBuildPhase;
			buildActionMask = 2147483647;
			files = (
			);
			inputPaths = (
			);
			outputPaths = (
			);
			runOnlyForDeploymentPostprocessing = 0;
			shellPath = /bin/sh;
			shellScript = "";
		};
		10DCB4FF1D662FB100D02556 /* ShellScript */ = {
			isa = PBXShellScriptBuildPhase;
			buildActionMask = 2147483647;
			files = (
			);
			inputPaths = (
			);
			outputPaths = (
			);
			runOnlyForDeploymentPostprocessing = 0;
			shellPath = /bin/sh;
			shellScript = "";
		};
		708C76731A00DC5A065DD17C /* [CP] Check Pods Manifest.lock */ = {
			isa = PBXShellScriptBuildPhase;
			buildActionMask = 12;
			files = (
			);
			inputPaths = (
			);
			name = "[CP] Check Pods Manifest.lock";
			outputPaths = (
			);
			runOnlyForDeploymentPostprocessing = 0;
			shellPath = /bin/sh;
			shellScript = "diff \"${PODS_ROOT}/../Podfile.lock\" \"${PODS_ROOT}/Manifest.lock\" > /dev/null\nif [[ $? != 0 ]] ; then\n    cat << EOM\nerror: The sandbox is not in sync with the Podfile.lock. Run 'pod install' or update your CocoaPods installation.\nEOM\n    exit 1\nfi\n";
		};
		8B4086DD6282B2210F125725 /* [CP] Copy Pods Resources */ = {
			isa = PBXShellScriptBuildPhase;
			buildActionMask = 2147483647;
			files = (
			);
			inputPaths = (
			);
			name = "[CP] Copy Pods Resources";
			outputPaths = (
			);
			runOnlyForDeploymentPostprocessing = 0;
			shellPath = /bin/sh;
			shellScript = "\"${SRCROOT}/Pods/Target Support Files/Pods-DroppingCharge/Pods-DroppingCharge-resources.sh\"\n";
			showEnvVarsInLog = 0;
		};
		98DB4DD60997C7A31D87266B /* [CP] Embed Pods Frameworks */ = {
			isa = PBXShellScriptBuildPhase;
			buildActionMask = 2147483647;
			files = (
			);
			inputPaths = (
			);
			name = "[CP] Embed Pods Frameworks";
			outputPaths = (
			);
			runOnlyForDeploymentPostprocessing = 0;
			shellPath = /bin/sh;
			shellScript = "\"${SRCROOT}/Pods/Target Support Files/Pods-DroppingCharge/Pods-DroppingCharge-frameworks.sh\"\n";
			showEnvVarsInLog = 0;
		};
/* End PBXShellScriptBuildPhase section */

/* Begin PBXSourcesBuildPhase section */
		10304D921D301B98007372D8 /* Sources */ = {
			isa = PBXSourcesBuildPhase;
			buildActionMask = 2147483647;
			files = (
				102AF0FE1D36F26500496991 /* CGPoint+Extensions.swift in Sources */,
				104D61911D414DD20094737D /* CharacterScene.swift in Sources */,
				10304D9E1D301B98007372D8 /* GameScene.swift in Sources */,
				102AF1021D36F26500496991 /* SKAction+SpecialEffects.swift in Sources */,
				102AF0FD1D36F26500496991 /* CGFloat+Extensions.swift in Sources */,
				10304DA01D301B98007372D8 /* GameViewController.swift in Sources */,
				102AF1071D36F26500496991 /* SKTTimingFunctions.swift in Sources */,
				1030E2F01D5843A300740C66 /* StartScene.swift in Sources */,
				10304D9A1D301B98007372D8 /* AppDelegate.swift in Sources */,
				104268AF1D4BC1AD000C6057 /* HealthCounter.swift in Sources */,
				102AF1031D36F26500496991 /* SKColor+Extensions.swift in Sources */,
				102AF1001D36F26500496991 /* Int+Extensions.swift in Sources */,
				102AF0FF1D36F26500496991 /* CGVector+Extensions.swift in Sources */,
				10151E041D5BB50700264FC9 /* GameWon.swift in Sources */,
				102AF06E1D36BB9900496991 /* Dead.swift in Sources */,
				102AF0681D36BB5100496991 /* Jump.swift in Sources */,
				102AF0661D36BB1700496991 /* Idle.swift in Sources */,
				102AF0641D36B6C500496991 /* WaitingForTap.swift in Sources */,
				102AF06A1D36BB7E00496991 /* Fall.swift in Sources */,
				102FBA2B1D501629002CB7C8 /* MainScene.swift in Sources */,
				102AF0611D36B5D800496991 /* WaitingForBomb.swift in Sources */,
				102AF1011D36F26500496991 /* SKAction+Extensions.swift in Sources */,
				1094BE1E1D3EECB800DC8460 /* MenuScene.swift in Sources */,
				102AF05D1D36B52000496991 /* GameOver.swift in Sources */,
				102AF1041D36F26500496991 /* SKNode+Extensions.swift in Sources */,
				102AF1051D36F26500496991 /* SKTAudio.swift in Sources */,
				102AF1061D36F26500496991 /* SKTEffects.swift in Sources */,
				104268B31D4C17B1000C6057 /* GameProtocol.swift in Sources */,
				102AF06C1D36BB8D00496991 /* Lava.swift in Sources */,
				102AF1081D36F26500496991 /* Vector3.swift in Sources */,
				102AF05F1D36B5BA00496991 /* Play.swift in Sources */,
				1094BE201D3EED9700DC8460 /* MSButtonNode.swift in Sources */,
			);
			runOnlyForDeploymentPostprocessing = 0;
		};
/* End PBXSourcesBuildPhase section */

/* Begin PBXVariantGroup section */
		10304DA11D301B98007372D8 /* Main.storyboard */ = {
			isa = PBXVariantGroup;
			children = (
				10304DA21D301B98007372D8 /* Base */,
			);
			name = Main.storyboard;
			sourceTree = "<group>";
		};
/* End PBXVariantGroup section */

/* Begin XCBuildConfiguration section */
		10304DAA1D301B98007372D8 /* Debug */ = {
			isa = XCBuildConfiguration;
			buildSettings = {
				ALWAYS_SEARCH_USER_PATHS = NO;
				CLANG_ANALYZER_NONNULL = YES;
				CLANG_CXX_LANGUAGE_STANDARD = "gnu++0x";
				CLANG_CXX_LIBRARY = "libc++";
				CLANG_ENABLE_MODULES = YES;
				CLANG_ENABLE_OBJC_ARC = YES;
				CLANG_WARN_BOOL_CONVERSION = YES;
				CLANG_WARN_CONSTANT_CONVERSION = YES;
				CLANG_WARN_DIRECT_OBJC_ISA_USAGE = YES_ERROR;
				CLANG_WARN_EMPTY_BODY = YES;
				CLANG_WARN_ENUM_CONVERSION = YES;
				CLANG_WARN_INFINITE_RECURSION = YES;
				CLANG_WARN_INT_CONVERSION = YES;
				CLANG_WARN_OBJC_ROOT_CLASS = YES_ERROR;
				CLANG_WARN_SUSPICIOUS_MOVE = YES;
				CLANG_WARN_UNREACHABLE_CODE = YES;
				CLANG_WARN__DUPLICATE_METHOD_MATCH = YES;
				"CODE_SIGN_IDENTITY[sdk=iphoneos*]" = "iPhone Developer";
				COPY_PHASE_STRIP = NO;
				DEBUG_INFORMATION_FORMAT = "dwarf-with-dsym";
				ENABLE_STRICT_OBJC_MSGSEND = YES;
				ENABLE_TESTABILITY = YES;
				GCC_C_LANGUAGE_STANDARD = gnu99;
				GCC_DYNAMIC_NO_PIC = NO;
				GCC_NO_COMMON_BLOCKS = YES;
				GCC_OPTIMIZATION_LEVEL = 0;
				GCC_PREPROCESSOR_DEFINITIONS = (
					"DEBUG=1",
					"$(inherited)",
				);
				GCC_WARN_64_TO_32_BIT_CONVERSION = YES;
				GCC_WARN_ABOUT_RETURN_TYPE = YES_ERROR;
				GCC_WARN_UNDECLARED_SELECTOR = YES;
				GCC_WARN_UNINITIALIZED_AUTOS = YES_AGGRESSIVE;
				GCC_WARN_UNUSED_FUNCTION = YES;
				GCC_WARN_UNUSED_VARIABLE = YES;
				IPHONEOS_DEPLOYMENT_TARGET = 9.3;
				MTL_ENABLE_DEBUG_INFO = YES;
				ONLY_ACTIVE_ARCH = YES;
				SDKROOT = iphoneos;
				SWIFT_OPTIMIZATION_LEVEL = "-Onone";
				TARGETED_DEVICE_FAMILY = "1,2";
			};
			name = Debug;
		};
		10304DAB1D301B98007372D8 /* Release */ = {
			isa = XCBuildConfiguration;
			buildSettings = {
				ALWAYS_SEARCH_USER_PATHS = NO;
				CLANG_ANALYZER_NONNULL = YES;
				CLANG_CXX_LANGUAGE_STANDARD = "gnu++0x";
				CLANG_CXX_LIBRARY = "libc++";
				CLANG_ENABLE_MODULES = YES;
				CLANG_ENABLE_OBJC_ARC = YES;
				CLANG_WARN_BOOL_CONVERSION = YES;
				CLANG_WARN_CONSTANT_CONVERSION = YES;
				CLANG_WARN_DIRECT_OBJC_ISA_USAGE = YES_ERROR;
				CLANG_WARN_EMPTY_BODY = YES;
				CLANG_WARN_ENUM_CONVERSION = YES;
				CLANG_WARN_INFINITE_RECURSION = YES;
				CLANG_WARN_INT_CONVERSION = YES;
				CLANG_WARN_OBJC_ROOT_CLASS = YES_ERROR;
				CLANG_WARN_SUSPICIOUS_MOVE = YES;
				CLANG_WARN_UNREACHABLE_CODE = YES;
				CLANG_WARN__DUPLICATE_METHOD_MATCH = YES;
				"CODE_SIGN_IDENTITY[sdk=iphoneos*]" = "iPhone Developer";
				COPY_PHASE_STRIP = NO;
				DEBUG_INFORMATION_FORMAT = "dwarf-with-dsym";
				ENABLE_NS_ASSERTIONS = NO;
				ENABLE_STRICT_OBJC_MSGSEND = YES;
				GCC_C_LANGUAGE_STANDARD = gnu99;
				GCC_NO_COMMON_BLOCKS = YES;
				GCC_WARN_64_TO_32_BIT_CONVERSION = YES;
				GCC_WARN_ABOUT_RETURN_TYPE = YES_ERROR;
				GCC_WARN_UNDECLARED_SELECTOR = YES;
				GCC_WARN_UNINITIALIZED_AUTOS = YES_AGGRESSIVE;
				GCC_WARN_UNUSED_FUNCTION = YES;
				GCC_WARN_UNUSED_VARIABLE = YES;
				IPHONEOS_DEPLOYMENT_TARGET = 9.3;
				MTL_ENABLE_DEBUG_INFO = NO;
				SDKROOT = iphoneos;
				SWIFT_OPTIMIZATION_LEVEL = "-Owholemodule";
				TARGETED_DEVICE_FAMILY = "1,2";
				VALIDATE_PRODUCT = YES;
			};
			name = Release;
		};
		10304DAD1D301B98007372D8 /* Debug */ = {
			isa = XCBuildConfiguration;
			baseConfigurationReference = 81FB930F6897F59D3D3043C7 /* Pods-DroppingCharge.debug.xcconfig */;
			buildSettings = {
				ASSETCATALOG_COMPILER_APPICON_NAME = AppIcon;
				CODE_SIGN_IDENTITY = "iPhone Developer";
				DEVELOPMENT_TEAM = "";
				FRAMEWORK_SEARCH_PATHS = (
					"$(inherited)",
					"$(PROJECT_DIR)/DroppingCharge/GameState/GoogleMobileAdsSdkiOS-7.9.1",
				);
				INFOPLIST_FILE = DroppingCharge/Info.plist;
				IPHONEOS_DEPLOYMENT_TARGET = 9.1;
				LD_RUNPATH_SEARCH_PATHS = "$(inherited) @executable_path/Frameworks";
				PRODUCT_BUNDLE_IDENTIFIER = JeffChiu.NinjaQuestGame;
				PRODUCT_NAME = "$(TARGET_NAME)";
				SWIFT_VERSION = 3.0;
			};
			name = Debug;
		};
		10304DAE1D301B98007372D8 /* Release */ = {
			isa = XCBuildConfiguration;
			baseConfigurationReference = E0CE215EB6F52C08136D4A03 /* Pods-DroppingCharge.release.xcconfig */;
			buildSettings = {
				ASSETCATALOG_COMPILER_APPICON_NAME = AppIcon;
				CODE_SIGN_IDENTITY = "iPhone Developer";
				DEVELOPMENT_TEAM = "";
				FRAMEWORK_SEARCH_PATHS = (
					"$(inherited)",
					"$(PROJECT_DIR)/DroppingCharge/GameState/GoogleMobileAdsSdkiOS-7.9.1",
				);
				INFOPLIST_FILE = DroppingCharge/Info.plist;
				IPHONEOS_DEPLOYMENT_TARGET = 9.1;
				LD_RUNPATH_SEARCH_PATHS = "$(inherited) @executable_path/Frameworks";
				"MTL_ENABLE_DEBUG_INFO[arch=*]" = NO;
				PRODUCT_BUNDLE_IDENTIFIER = JeffChiu.NinjaQuestGame;
				PRODUCT_NAME = "$(TARGET_NAME)";
				SWIFT_VERSION = 3.0;
			};
			name = Release;
		};
/* End XCBuildConfiguration section */

/* Begin XCConfigurationList section */
		10304D911D301B98007372D8 /* Build configuration list for PBXProject "DroppingCharge" */ = {
			isa = XCConfigurationList;
			buildConfigurations = (
				10304DAA1D301B98007372D8 /* Debug */,
				10304DAB1D301B98007372D8 /* Release */,
			);
			defaultConfigurationIsVisible = 0;
			defaultConfigurationName = Debug;
		};
		10304DAC1D301B98007372D8 /* Build configuration list for PBXNativeTarget "DroppingCharge" */ = {
			isa = XCConfigurationList;
			buildConfigurations = (
				10304DAD1D301B98007372D8 /* Debug */,
				10304DAE1D301B98007372D8 /* Release */,
			);
			defaultConfigurationIsVisible = 0;
			defaultConfigurationName = Debug;
		};
/* End XCConfigurationList section */
	};
	rootObject = 10304D8E1D301B98007372D8 /* Project object */;
}
